// !$*UTF8*$!
{
	archiveVersion = 1;
	classes = {
	};
	objectVersion = 56;
	objects = {

/* Begin PBXBuildFile section */
		A885273A2B66E88100B3B635 /* UserRequest.swift in Sources */ = {isa = PBXBuildFile; fileRef = A88527392B66E88100B3B635 /* UserRequest.swift */; };
		A885273D2B66E8CF00B3B635 /* Constant.swift in Sources */ = {isa = PBXBuildFile; fileRef = A885273C2B66E8CF00B3B635 /* Constant.swift */; };
		A88527402B66E95C00B3B635 /* ServiceData.swift in Sources */ = {isa = PBXBuildFile; fileRef = A885273F2B66E95C00B3B635 /* ServiceData.swift */; };
		A88527452B66EF6B00B3B635 /* ListMoviesRepository.swift in Sources */ = {isa = PBXBuildFile; fileRef = A88527442B66EF6B00B3B635 /* ListMoviesRepository.swift */; };
		A88527472B66EFEC00B3B635 /* ErrorModel.swift in Sources */ = {isa = PBXBuildFile; fileRef = A88527462B66EFEC00B3B635 /* ErrorModel.swift */; };
		A88527492B66F00F00B3B635 /* ListMoviesModel.swift in Sources */ = {isa = PBXBuildFile; fileRef = A88527482B66F00F00B3B635 /* ListMoviesModel.swift */; };
		A885274C2B66F05E00B3B635 /* ListMoviesResponse.swift in Sources */ = {isa = PBXBuildFile; fileRef = A885274B2B66F05E00B3B635 /* ListMoviesResponse.swift */; };
		A885274E2B66F08A00B3B635 /* UserModel.swift in Sources */ = {isa = PBXBuildFile; fileRef = A885274D2B66F08A00B3B635 /* UserModel.swift */; };
		A88527542B66F32A00B3B635 /* DataManager.swift in Sources */ = {isa = PBXBuildFile; fileRef = A88527532B66F32A00B3B635 /* DataManager.swift */; };
		A88527562B66F71600B3B635 /* ListMoviesConfigurator.swift in Sources */ = {isa = PBXBuildFile; fileRef = A88527552B66F71600B3B635 /* ListMoviesConfigurator.swift */; };
		A88527582B66F75F00B3B635 /* ListMoviesViewController.swift in Sources */ = {isa = PBXBuildFile; fileRef = A88527572B66F75F00B3B635 /* ListMoviesViewController.swift */; };
		A885275A2B66F78E00B3B635 /* ListMoviesInteractor.swift in Sources */ = {isa = PBXBuildFile; fileRef = A88527592B66F78E00B3B635 /* ListMoviesInteractor.swift */; };
		A885275C2B66F87500B3B635 /* ListMoviesPresenter.swift in Sources */ = {isa = PBXBuildFile; fileRef = A885275B2B66F87500B3B635 /* ListMoviesPresenter.swift */; };
		A885275E2B66FA3B00B3B635 /* ListMoviesRouter.swift in Sources */ = {isa = PBXBuildFile; fileRef = A885275D2B66FA3B00B3B635 /* ListMoviesRouter.swift */; };
		A88527602B66FB0400B3B635 /* ListMoviesTableViewCell.swift in Sources */ = {isa = PBXBuildFile; fileRef = A885275F2B66FB0400B3B635 /* ListMoviesTableViewCell.swift */; };
		A88527622B66FC7700B3B635 /* ListMovieViewModel.swift in Sources */ = {isa = PBXBuildFile; fileRef = A88527612B66FC7700B3B635 /* ListMovieViewModel.swift */; };
		A88527672B67061000B3B635 /* Alerts.swift in Sources */ = {isa = PBXBuildFile; fileRef = A88527662B67061000B3B635 /* Alerts.swift */; };
		A88527692B6706CF00B3B635 /* Builds.swift in Sources */ = {isa = PBXBuildFile; fileRef = A88527682B6706CF00B3B635 /* Builds.swift */; };
		A885276B2B671B1200B3B635 /* DetailMoviesView.storyboard in Resources */ = {isa = PBXBuildFile; fileRef = A885276A2B671B1200B3B635 /* DetailMoviesView.storyboard */; };
		B0694E992B619C740013DEE2 /* AppDelegate.swift in Sources */ = {isa = PBXBuildFile; fileRef = B0694E982B619C740013DEE2 /* AppDelegate.swift */; };
		B0694E9B2B619C740013DEE2 /* SceneDelegate.swift in Sources */ = {isa = PBXBuildFile; fileRef = B0694E9A2B619C740013DEE2 /* SceneDelegate.swift */; };
		B0694EA32B619C740013DEE2 /* TechnicalChallenge.xcdatamodeld in Sources */ = {isa = PBXBuildFile; fileRef = B0694EA12B619C740013DEE2 /* TechnicalChallenge.xcdatamodeld */; };
		B0694EA52B619C760013DEE2 /* Assets.xcassets in Resources */ = {isa = PBXBuildFile; fileRef = B0694EA42B619C760013DEE2 /* Assets.xcassets */; };
		B0694EA82B619C760013DEE2 /* LaunchScreen.storyboard in Resources */ = {isa = PBXBuildFile; fileRef = B0694EA62B619C760013DEE2 /* LaunchScreen.storyboard */; };
		B0694EB12B619D6B0013DEE2 /* Alamofire in Frameworks */ = {isa = PBXBuildFile; productRef = B0694EB02B619D6B0013DEE2 /* Alamofire */; };
		B0694EB42B619D9D0013DEE2 /* IQKeyboardManagerSwift in Frameworks */ = {isa = PBXBuildFile; productRef = B0694EB32B619D9D0013DEE2 /* IQKeyboardManagerSwift */; };
		B0694EE82B6317FB0013DEE2 /* SVProgressHUD in Frameworks */ = {isa = PBXBuildFile; productRef = B0694EE72B6317FB0013DEE2 /* SVProgressHUD */; };
		B0694EF42B6319F80013DEE2 /* Kingfisher in Frameworks */ = {isa = PBXBuildFile; productRef = B0694EF32B6319F80013DEE2 /* Kingfisher */; };
		B0694F0A2B63212A0013DEE2 /* ListMoviesView.storyboard in Resources */ = {isa = PBXBuildFile; fileRef = B0694F092B63212A0013DEE2 /* ListMoviesView.storyboard */; };
		B0694F0E2B643AE80013DEE2 /* LoginMovies.storyboard in Resources */ = {isa = PBXBuildFile; fileRef = B0694F0D2B643AE70013DEE2 /* LoginMovies.storyboard */; };
		B0694F122B643F280013DEE2 /* LoginMoviewInteractor.swift in Sources */ = {isa = PBXBuildFile; fileRef = B0694F112B643F280013DEE2 /* LoginMoviewInteractor.swift */; };
		B0694F142B643F380013DEE2 /* LoginMoviesPresenter.swift in Sources */ = {isa = PBXBuildFile; fileRef = B0694F132B643F380013DEE2 /* LoginMoviesPresenter.swift */; };
		B0694F162B643F420013DEE2 /* LoginMoviesRouter.swift in Sources */ = {isa = PBXBuildFile; fileRef = B0694F152B643F420013DEE2 /* LoginMoviesRouter.swift */; };
		B0694F1A2B643F710013DEE2 /* LoginMoviesConfigurator.swift in Sources */ = {isa = PBXBuildFile; fileRef = B0694F192B643F710013DEE2 /* LoginMoviesConfigurator.swift */; };
		B0694F2F2B644CE30013DEE2 /* DetailMoviesViewController.swift in Sources */ = {isa = PBXBuildFile; fileRef = B0694F2E2B644CE30013DEE2 /* DetailMoviesViewController.swift */; };
		B0694F312B644D080013DEE2 /* LoginMoviesViewController.swift in Sources */ = {isa = PBXBuildFile; fileRef = B0694F302B644D080013DEE2 /* LoginMoviesViewController.swift */; };
/* End PBXBuildFile section */

/* Begin PBXFileReference section */
		A88527392B66E88100B3B635 /* UserRequest.swift */ = {isa = PBXFileReference; lastKnownFileType = sourcecode.swift; path = UserRequest.swift; sourceTree = "<group>"; };
		A885273C2B66E8CF00B3B635 /* Constant.swift */ = {isa = PBXFileReference; lastKnownFileType = sourcecode.swift; path = Constant.swift; sourceTree = "<group>"; };
		A885273F2B66E95C00B3B635 /* ServiceData.swift */ = {isa = PBXFileReference; lastKnownFileType = sourcecode.swift; path = ServiceData.swift; sourceTree = "<group>"; };
		A88527442B66EF6B00B3B635 /* ListMoviesRepository.swift */ = {isa = PBXFileReference; lastKnownFileType = sourcecode.swift; path = ListMoviesRepository.swift; sourceTree = "<group>"; };
		A88527462B66EFEC00B3B635 /* ErrorModel.swift */ = {isa = PBXFileReference; lastKnownFileType = sourcecode.swift; path = ErrorModel.swift; sourceTree = "<group>"; };
		A88527482B66F00F00B3B635 /* ListMoviesModel.swift */ = {isa = PBXFileReference; lastKnownFileType = sourcecode.swift; path = ListMoviesModel.swift; sourceTree = "<group>"; };
		A885274B2B66F05E00B3B635 /* ListMoviesResponse.swift */ = {isa = PBXFileReference; lastKnownFileType = sourcecode.swift; path = ListMoviesResponse.swift; sourceTree = "<group>"; };
		A885274D2B66F08A00B3B635 /* UserModel.swift */ = {isa = PBXFileReference; lastKnownFileType = sourcecode.swift; path = UserModel.swift; sourceTree = "<group>"; };
		A88527532B66F32A00B3B635 /* DataManager.swift */ = {isa = PBXFileReference; lastKnownFileType = sourcecode.swift; path = DataManager.swift; sourceTree = "<group>"; };
		A88527552B66F71600B3B635 /* ListMoviesConfigurator.swift */ = {isa = PBXFileReference; lastKnownFileType = sourcecode.swift; path = ListMoviesConfigurator.swift; sourceTree = "<group>"; };
		A88527572B66F75F00B3B635 /* ListMoviesViewController.swift */ = {isa = PBXFileReference; lastKnownFileType = sourcecode.swift; path = ListMoviesViewController.swift; sourceTree = "<group>"; };
		A88527592B66F78E00B3B635 /* ListMoviesInteractor.swift */ = {isa = PBXFileReference; lastKnownFileType = sourcecode.swift; path = ListMoviesInteractor.swift; sourceTree = "<group>"; };
		A885275B2B66F87500B3B635 /* ListMoviesPresenter.swift */ = {isa = PBXFileReference; lastKnownFileType = sourcecode.swift; path = ListMoviesPresenter.swift; sourceTree = "<group>"; };
		A885275D2B66FA3B00B3B635 /* ListMoviesRouter.swift */ = {isa = PBXFileReference; lastKnownFileType = sourcecode.swift; path = ListMoviesRouter.swift; sourceTree = "<group>"; };
		A885275F2B66FB0400B3B635 /* ListMoviesTableViewCell.swift */ = {isa = PBXFileReference; lastKnownFileType = sourcecode.swift; path = ListMoviesTableViewCell.swift; sourceTree = "<group>"; };
		A88527612B66FC7700B3B635 /* ListMovieViewModel.swift */ = {isa = PBXFileReference; lastKnownFileType = sourcecode.swift; path = ListMovieViewModel.swift; sourceTree = "<group>"; };
		A88527662B67061000B3B635 /* Alerts.swift */ = {isa = PBXFileReference; lastKnownFileType = sourcecode.swift; path = Alerts.swift; sourceTree = "<group>"; };
		A88527682B6706CF00B3B635 /* Builds.swift */ = {isa = PBXFileReference; lastKnownFileType = sourcecode.swift; path = Builds.swift; sourceTree = "<group>"; };
		A885276A2B671B1200B3B635 /* DetailMoviesView.storyboard */ = {isa = PBXFileReference; lastKnownFileType = file.storyboard; path = DetailMoviesView.storyboard; sourceTree = "<group>"; };
		B0694E952B619C740013DEE2 /* TechnicalChallenge.app */ = {isa = PBXFileReference; explicitFileType = wrapper.application; includeInIndex = 0; path = TechnicalChallenge.app; sourceTree = BUILT_PRODUCTS_DIR; };
		B0694E982B619C740013DEE2 /* AppDelegate.swift */ = {isa = PBXFileReference; lastKnownFileType = sourcecode.swift; path = AppDelegate.swift; sourceTree = "<group>"; };
		B0694E9A2B619C740013DEE2 /* SceneDelegate.swift */ = {isa = PBXFileReference; lastKnownFileType = sourcecode.swift; path = SceneDelegate.swift; sourceTree = "<group>"; };
		B0694EA22B619C740013DEE2 /* TechnicalChallenge.xcdatamodel */ = {isa = PBXFileReference; lastKnownFileType = wrapper.xcdatamodel; path = TechnicalChallenge.xcdatamodel; sourceTree = "<group>"; };
		B0694EA42B619C760013DEE2 /* Assets.xcassets */ = {isa = PBXFileReference; lastKnownFileType = folder.assetcatalog; path = Assets.xcassets; sourceTree = "<group>"; };
		B0694EA72B619C760013DEE2 /* Base */ = {isa = PBXFileReference; lastKnownFileType = file.storyboard; name = Base; path = Base.lproj/LaunchScreen.storyboard; sourceTree = "<group>"; };
		B0694EA92B619C760013DEE2 /* Info.plist */ = {isa = PBXFileReference; lastKnownFileType = text.plist.xml; path = Info.plist; sourceTree = "<group>"; };
		B0694F092B63212A0013DEE2 /* ListMoviesView.storyboard */ = {isa = PBXFileReference; lastKnownFileType = file.storyboard; path = ListMoviesView.storyboard; sourceTree = "<group>"; };
		B0694F0D2B643AE70013DEE2 /* LoginMovies.storyboard */ = {isa = PBXFileReference; lastKnownFileType = file.storyboard; path = LoginMovies.storyboard; sourceTree = "<group>"; };
		B0694F112B643F280013DEE2 /* LoginMoviewInteractor.swift */ = {isa = PBXFileReference; lastKnownFileType = sourcecode.swift; path = LoginMoviewInteractor.swift; sourceTree = "<group>"; };
		B0694F132B643F380013DEE2 /* LoginMoviesPresenter.swift */ = {isa = PBXFileReference; lastKnownFileType = sourcecode.swift; path = LoginMoviesPresenter.swift; sourceTree = "<group>"; };
		B0694F152B643F420013DEE2 /* LoginMoviesRouter.swift */ = {isa = PBXFileReference; lastKnownFileType = sourcecode.swift; path = LoginMoviesRouter.swift; sourceTree = "<group>"; };
		B0694F192B643F710013DEE2 /* LoginMoviesConfigurator.swift */ = {isa = PBXFileReference; lastKnownFileType = sourcecode.swift; path = LoginMoviesConfigurator.swift; sourceTree = "<group>"; };
		B0694F2E2B644CE30013DEE2 /* DetailMoviesViewController.swift */ = {isa = PBXFileReference; lastKnownFileType = sourcecode.swift; path = DetailMoviesViewController.swift; sourceTree = "<group>"; };
		B0694F302B644D080013DEE2 /* LoginMoviesViewController.swift */ = {isa = PBXFileReference; lastKnownFileType = sourcecode.swift; path = LoginMoviesViewController.swift; sourceTree = "<group>"; };
/* End PBXFileReference section */

/* Begin PBXFrameworksBuildPhase section */
		B0694E922B619C740013DEE2 /* Frameworks */ = {
			isa = PBXFrameworksBuildPhase;
			buildActionMask = 2147483647;
			files = (
				B0694EE82B6317FB0013DEE2 /* SVProgressHUD in Frameworks */,
				B0694EB12B619D6B0013DEE2 /* Alamofire in Frameworks */,
				B0694EF42B6319F80013DEE2 /* Kingfisher in Frameworks */,
				B0694EB42B619D9D0013DEE2 /* IQKeyboardManagerSwift in Frameworks */,
			);
			runOnlyForDeploymentPostprocessing = 0;
		};
/* End PBXFrameworksBuildPhase section */

/* Begin PBXGroup section */
		A885273B2B66E8BE00B3B635 /* General */ = {
			isa = PBXGroup;
			children = (
				A885273C2B66E8CF00B3B635 /* Constant.swift */,
				A88527662B67061000B3B635 /* Alerts.swift */,
				A88527682B6706CF00B3B635 /* Builds.swift */,
			);
			path = General;
			sourceTree = "<group>";
		};
		A885273E2B66E92700B3B635 /* Network */ = {
			isa = PBXGroup;
			children = (
				A885273F2B66E95C00B3B635 /* ServiceData.swift */,
			);
			path = Network;
			sourceTree = "<group>";
		};
		A88527432B66EF4800B3B635 /* Repository */ = {
			isa = PBXGroup;
			children = (
				A88527442B66EF6B00B3B635 /* ListMoviesRepository.swift */,
			);
			path = Repository;
			sourceTree = "<group>";
		};
		A885274A2B66F04A00B3B635 /* Response */ = {
			isa = PBXGroup;
			children = (
				A885274B2B66F05E00B3B635 /* ListMoviesResponse.swift */,
			);
			path = Response;
			sourceTree = "<group>";
		};
		A885274F2B66F0AA00B3B635 /* Request */ = {
			isa = PBXGroup;
			children = (
				A88527392B66E88100B3B635 /* UserRequest.swift */,
			);
			path = Request;
			sourceTree = "<group>";
		};
		A88527502B66F0CD00B3B635 /* Data */ = {
			isa = PBXGroup;
			children = (
				A88527432B66EF4800B3B635 /* Repository */,
				A885273E2B66E92700B3B635 /* Network */,
				A88527532B66F32A00B3B635 /* DataManager.swift */,
			);
			path = Data;
			sourceTree = "<group>";
		};
		B0694E8C2B619C740013DEE2 = {
			isa = PBXGroup;
			children = (
				B0694E972B619C740013DEE2 /* TechnicalChallenge */,
				B0694E962B619C740013DEE2 /* Products */,
			);
			sourceTree = "<group>";
		};
		B0694E962B619C740013DEE2 /* Products */ = {
			isa = PBXGroup;
			children = (
				B0694E952B619C740013DEE2 /* TechnicalChallenge.app */,
			);
			name = Products;
			sourceTree = "<group>";
		};
		B0694E972B619C740013DEE2 /* TechnicalChallenge */ = {
			isa = PBXGroup;
			children = (
				A88527502B66F0CD00B3B635 /* Data */,
				A885273B2B66E8BE00B3B635 /* General */,
				B0694ECB2B6307130013DEE2 /* Scenes */,
				B0694EC22B61B03F0013DEE2 /* Model */,
				B0694E982B619C740013DEE2 /* AppDelegate.swift */,
				B0694E9A2B619C740013DEE2 /* SceneDelegate.swift */,
				B0694EA42B619C760013DEE2 /* Assets.xcassets */,
				B0694EA62B619C760013DEE2 /* LaunchScreen.storyboard */,
				B0694EA92B619C760013DEE2 /* Info.plist */,
				B0694EA12B619C740013DEE2 /* TechnicalChallenge.xcdatamodeld */,
			);
			path = TechnicalChallenge;
			sourceTree = "<group>";
		};
		B0694EC22B61B03F0013DEE2 /* Model */ = {
			isa = PBXGroup;
			children = (
				A885274F2B66F0AA00B3B635 /* Request */,
				A885274A2B66F04A00B3B635 /* Response */,
				A88527482B66F00F00B3B635 /* ListMoviesModel.swift */,
				A88527462B66EFEC00B3B635 /* ErrorModel.swift */,
				A885274D2B66F08A00B3B635 /* UserModel.swift */,
				A88527612B66FC7700B3B635 /* ListMovieViewModel.swift */,
			);
			path = Model;
			sourceTree = "<group>";
		};
		B0694ECB2B6307130013DEE2 /* Scenes */ = {
			isa = PBXGroup;
			children = (
				B0694EFD2B631BFE0013DEE2 /* LoginMovies */,
				B0694ECC2B63075F0013DEE2 /* ListMovies */,
				B0694F1B2B64432A0013DEE2 /* DetailListMovies */,
			);
			path = Scenes;
			sourceTree = "<group>";
		};
		B0694ECC2B63075F0013DEE2 /* ListMovies */ = {
			isa = PBXGroup;
			children = (
				B0694F062B631FCC0013DEE2 /* Cell */,
				B0694F092B63212A0013DEE2 /* ListMoviesView.storyboard */,
				A88527552B66F71600B3B635 /* ListMoviesConfigurator.swift */,
				A88527572B66F75F00B3B635 /* ListMoviesViewController.swift */,
				A88527592B66F78E00B3B635 /* ListMoviesInteractor.swift */,
				A885275B2B66F87500B3B635 /* ListMoviesPresenter.swift */,
				A885275D2B66FA3B00B3B635 /* ListMoviesRouter.swift */,
			);
			path = ListMovies;
			sourceTree = "<group>";
		};
		B0694EFD2B631BFE0013DEE2 /* LoginMovies */ = {
			isa = PBXGroup;
			children = (
				B0694F192B643F710013DEE2 /* LoginMoviesConfigurator.swift */,
				B0694F302B644D080013DEE2 /* LoginMoviesViewController.swift */,
				B0694F112B643F280013DEE2 /* LoginMoviewInteractor.swift */,
				B0694F132B643F380013DEE2 /* LoginMoviesPresenter.swift */,
				B0694F152B643F420013DEE2 /* LoginMoviesRouter.swift */,
				B0694F0D2B643AE70013DEE2 /* LoginMovies.storyboard */,
			);
			path = LoginMovies;
			sourceTree = "<group>";
		};
		B0694F062B631FCC0013DEE2 /* Cell */ = {
			isa = PBXGroup;
			children = (
				A885275F2B66FB0400B3B635 /* ListMoviesTableViewCell.swift */,
			);
			path = Cell;
			sourceTree = "<group>";
		};
		B0694F1B2B64432A0013DEE2 /* DetailListMovies */ = {
			isa = PBXGroup;
			children = (
				B0694F2E2B644CE30013DEE2 /* DetailMoviesViewController.swift */,
				A885276A2B671B1200B3B635 /* DetailMoviesView.storyboard */,
			);
			path = DetailListMovies;
			sourceTree = "<group>";
		};
/* End PBXGroup section */

/* Begin PBXNativeTarget section */
		B0694E942B619C740013DEE2 /* TechnicalChallenge */ = {
			isa = PBXNativeTarget;
			buildConfigurationList = B0694EAC2B619C760013DEE2 /* Build configuration list for PBXNativeTarget "TechnicalChallenge" */;
			buildPhases = (
				B0694E912B619C740013DEE2 /* Sources */,
				B0694E922B619C740013DEE2 /* Frameworks */,
				B0694E932B619C740013DEE2 /* Resources */,
			);
			buildRules = (
			);
			dependencies = (
			);
			name = TechnicalChallenge;
			packageProductDependencies = (
				B0694EB02B619D6B0013DEE2 /* Alamofire */,
				B0694EB32B619D9D0013DEE2 /* IQKeyboardManagerSwift */,
				B0694EE72B6317FB0013DEE2 /* SVProgressHUD */,
				B0694EF32B6319F80013DEE2 /* Kingfisher */,
			);
			productName = TechnicalChallenge;
			productReference = B0694E952B619C740013DEE2 /* TechnicalChallenge.app */;
			productType = "com.apple.product-type.application";
		};
/* End PBXNativeTarget section */

/* Begin PBXProject section */
		B0694E8D2B619C740013DEE2 /* Project object */ = {
			isa = PBXProject;
			attributes = {
				BuildIndependentTargetsInParallel = 1;
				LastSwiftUpdateCheck = 1520;
				LastUpgradeCheck = 1520;
				TargetAttributes = {
					B0694E942B619C740013DEE2 = {
						CreatedOnToolsVersion = 15.2;
					};
				};
			};
			buildConfigurationList = B0694E902B619C740013DEE2 /* Build configuration list for PBXProject "TechnicalChallenge" */;
			compatibilityVersion = "Xcode 14.0";
			developmentRegion = en;
			hasScannedForEncodings = 0;
			knownRegions = (
				en,
				Base,
			);
			mainGroup = B0694E8C2B619C740013DEE2;
			packageReferences = (
				B0694EAF2B619D6B0013DEE2 /* XCRemoteSwiftPackageReference "Alamofire" */,
				B0694EB22B619D9D0013DEE2 /* XCRemoteSwiftPackageReference "IQKeyboardManager" */,
				B0694EE62B6317FB0013DEE2 /* XCRemoteSwiftPackageReference "SVProgressHUD" */,
				B0694EF22B6319F80013DEE2 /* XCRemoteSwiftPackageReference "Kingfisher" */,
			);
			productRefGroup = B0694E962B619C740013DEE2 /* Products */;
			projectDirPath = "";
			projectRoot = "";
			targets = (
				B0694E942B619C740013DEE2 /* TechnicalChallenge */,
			);
		};
/* End PBXProject section */

/* Begin PBXResourcesBuildPhase section */
		B0694E932B619C740013DEE2 /* Resources */ = {
			isa = PBXResourcesBuildPhase;
			buildActionMask = 2147483647;
			files = (
				B0694F0E2B643AE80013DEE2 /* LoginMovies.storyboard in Resources */,
				B0694EA82B619C760013DEE2 /* LaunchScreen.storyboard in Resources */,
				A885276B2B671B1200B3B635 /* DetailMoviesView.storyboard in Resources */,
				B0694F0A2B63212A0013DEE2 /* ListMoviesView.storyboard in Resources */,
				B0694EA52B619C760013DEE2 /* Assets.xcassets in Resources */,
			);
			runOnlyForDeploymentPostprocessing = 0;
		};
/* End PBXResourcesBuildPhase section */

/* Begin PBXSourcesBuildPhase section */
		B0694E912B619C740013DEE2 /* Sources */ = {
			isa = PBXSourcesBuildPhase;
			buildActionMask = 2147483647;
			files = (
				A88527562B66F71600B3B635 /* ListMoviesConfigurator.swift in Sources */,
				B0694F2F2B644CE30013DEE2 /* DetailMoviesViewController.swift in Sources */,
				A885273D2B66E8CF00B3B635 /* Constant.swift in Sources */,
				A88527672B67061000B3B635 /* Alerts.swift in Sources */,
				A88527472B66EFEC00B3B635 /* ErrorModel.swift in Sources */,
				A88527602B66FB0400B3B635 /* ListMoviesTableViewCell.swift in Sources */,
				B0694F142B643F380013DEE2 /* LoginMoviesPresenter.swift in Sources */,
				A88527582B66F75F00B3B635 /* ListMoviesViewController.swift in Sources */,
				A885274E2B66F08A00B3B635 /* UserModel.swift in Sources */,
				B0694F122B643F280013DEE2 /* LoginMoviewInteractor.swift in Sources */,
				A885275E2B66FA3B00B3B635 /* ListMoviesRouter.swift in Sources */,
				B0694EA32B619C740013DEE2 /* TechnicalChallenge.xcdatamodeld in Sources */,
				A885274C2B66F05E00B3B635 /* ListMoviesResponse.swift in Sources */,
				A88527542B66F32A00B3B635 /* DataManager.swift in Sources */,
				A88527492B66F00F00B3B635 /* ListMoviesModel.swift in Sources */,
				B0694F1A2B643F710013DEE2 /* LoginMoviesConfigurator.swift in Sources */,
				B0694F312B644D080013DEE2 /* LoginMoviesViewController.swift in Sources */,
				A88527452B66EF6B00B3B635 /* ListMoviesRepository.swift in Sources */,
				A885273A2B66E88100B3B635 /* UserRequest.swift in Sources */,
				B0694F162B643F420013DEE2 /* LoginMoviesRouter.swift in Sources */,
				A88527692B6706CF00B3B635 /* Builds.swift in Sources */,
				B0694E992B619C740013DEE2 /* AppDelegate.swift in Sources */,
				A88527622B66FC7700B3B635 /* ListMovieViewModel.swift in Sources */,
				B0694E9B2B619C740013DEE2 /* SceneDelegate.swift in Sources */,
				A885275C2B66F87500B3B635 /* ListMoviesPresenter.swift in Sources */,
				A88527402B66E95C00B3B635 /* ServiceData.swift in Sources */,
				A885275A2B66F78E00B3B635 /* ListMoviesInteractor.swift in Sources */,
			);
			runOnlyForDeploymentPostprocessing = 0;
		};
/* End PBXSourcesBuildPhase section */

/* Begin PBXVariantGroup section */
		B0694EA62B619C760013DEE2 /* LaunchScreen.storyboard */ = {
			isa = PBXVariantGroup;
			children = (
				B0694EA72B619C760013DEE2 /* Base */,
			);
			name = LaunchScreen.storyboard;
			sourceTree = "<group>";
		};
/* End PBXVariantGroup section */

/* Begin XCBuildConfiguration section */
		B0694EAA2B619C760013DEE2 /* Debug */ = {
			isa = XCBuildConfiguration;
			buildSettings = {
				ALWAYS_SEARCH_USER_PATHS = NO;
				ASSETCATALOG_COMPILER_GENERATE_SWIFT_ASSET_SYMBOL_EXTENSIONS = YES;
				CLANG_ANALYZER_NONNULL = YES;
				CLANG_ANALYZER_NUMBER_OBJECT_CONVERSION = YES_AGGRESSIVE;
				CLANG_CXX_LANGUAGE_STANDARD = "gnu++20";
				CLANG_ENABLE_MODULES = YES;
				CLANG_ENABLE_OBJC_ARC = YES;
				CLANG_ENABLE_OBJC_WEAK = YES;
				CLANG_WARN_BLOCK_CAPTURE_AUTORELEASING = YES;
				CLANG_WARN_BOOL_CONVERSION = YES;
				CLANG_WARN_COMMA = YES;
				CLANG_WARN_CONSTANT_CONVERSION = YES;
				CLANG_WARN_DEPRECATED_OBJC_IMPLEMENTATIONS = YES;
				CLANG_WARN_DIRECT_OBJC_ISA_USAGE = YES_ERROR;
				CLANG_WARN_DOCUMENTATION_COMMENTS = YES;
				CLANG_WARN_EMPTY_BODY = YES;
				CLANG_WARN_ENUM_CONVERSION = YES;
				CLANG_WARN_INFINITE_RECURSION = YES;
				CLANG_WARN_INT_CONVERSION = YES;
				CLANG_WARN_NON_LITERAL_NULL_CONVERSION = YES;
				CLANG_WARN_OBJC_IMPLICIT_RETAIN_SELF = YES;
				CLANG_WARN_OBJC_LITERAL_CONVERSION = YES;
				CLANG_WARN_OBJC_ROOT_CLASS = YES_ERROR;
				CLANG_WARN_QUOTED_INCLUDE_IN_FRAMEWORK_HEADER = YES;
				CLANG_WARN_RANGE_LOOP_ANALYSIS = YES;
				CLANG_WARN_STRICT_PROTOTYPES = YES;
				CLANG_WARN_SUSPICIOUS_MOVE = YES;
				CLANG_WARN_UNGUARDED_AVAILABILITY = YES_AGGRESSIVE;
				CLANG_WARN_UNREACHABLE_CODE = YES;
				CLANG_WARN__DUPLICATE_METHOD_MATCH = YES;
				COPY_PHASE_STRIP = NO;
				DEBUG_INFORMATION_FORMAT = dwarf;
				ENABLE_STRICT_OBJC_MSGSEND = YES;
				ENABLE_TESTABILITY = YES;
				ENABLE_USER_SCRIPT_SANDBOXING = YES;
				GCC_C_LANGUAGE_STANDARD = gnu17;
				GCC_DYNAMIC_NO_PIC = NO;
				GCC_NO_COMMON_BLOCKS = YES;
				GCC_OPTIMIZATION_LEVEL = 0;
				GCC_PREPROCESSOR_DEFINITIONS = (
					"DEBUG=1",
					"$(inherited)",
				);
				GCC_WARN_64_TO_32_BIT_CONVERSION = YES;
				GCC_WARN_ABOUT_RETURN_TYPE = YES_ERROR;
				GCC_WARN_UNDECLARED_SELECTOR = YES;
				GCC_WARN_UNINITIALIZED_AUTOS = YES_AGGRESSIVE;
				GCC_WARN_UNUSED_FUNCTION = YES;
				GCC_WARN_UNUSED_VARIABLE = YES;
				IPHONEOS_DEPLOYMENT_TARGET = 17.2;
				LOCALIZATION_PREFERS_STRING_CATALOGS = YES;
				MTL_ENABLE_DEBUG_INFO = INCLUDE_SOURCE;
				MTL_FAST_MATH = YES;
				ONLY_ACTIVE_ARCH = YES;
				SDKROOT = iphoneos;
				SWIFT_ACTIVE_COMPILATION_CONDITIONS = "DEBUG $(inherited)";
				SWIFT_OPTIMIZATION_LEVEL = "-Onone";
			};
			name = Debug;
		};
		B0694EAB2B619C760013DEE2 /* Release */ = {
			isa = XCBuildConfiguration;
			buildSettings = {
				ALWAYS_SEARCH_USER_PATHS = NO;
				ASSETCATALOG_COMPILER_GENERATE_SWIFT_ASSET_SYMBOL_EXTENSIONS = YES;
				CLANG_ANALYZER_NONNULL = YES;
				CLANG_ANALYZER_NUMBER_OBJECT_CONVERSION = YES_AGGRESSIVE;
				CLANG_CXX_LANGUAGE_STANDARD = "gnu++20";
				CLANG_ENABLE_MODULES = YES;
				CLANG_ENABLE_OBJC_ARC = YES;
				CLANG_ENABLE_OBJC_WEAK = YES;
				CLANG_WARN_BLOCK_CAPTURE_AUTORELEASING = YES;
				CLANG_WARN_BOOL_CONVERSION = YES;
				CLANG_WARN_COMMA = YES;
				CLANG_WARN_CONSTANT_CONVERSION = YES;
				CLANG_WARN_DEPRECATED_OBJC_IMPLEMENTATIONS = YES;
				CLANG_WARN_DIRECT_OBJC_ISA_USAGE = YES_ERROR;
				CLANG_WARN_DOCUMENTATION_COMMENTS = YES;
				CLANG_WARN_EMPTY_BODY = YES;
				CLANG_WARN_ENUM_CONVERSION = YES;
				CLANG_WARN_INFINITE_RECURSION = YES;
				CLANG_WARN_INT_CONVERSION = YES;
				CLANG_WARN_NON_LITERAL_NULL_CONVERSION = YES;
				CLANG_WARN_OBJC_IMPLICIT_RETAIN_SELF = YES;
				CLANG_WARN_OBJC_LITERAL_CONVERSION = YES;
				CLANG_WARN_OBJC_ROOT_CLASS = YES_ERROR;
				CLANG_WARN_QUOTED_INCLUDE_IN_FRAMEWORK_HEADER = YES;
				CLANG_WARN_RANGE_LOOP_ANALYSIS = YES;
				CLANG_WARN_STRICT_PROTOTYPES = YES;
				CLANG_WARN_SUSPICIOUS_MOVE = YES;
				CLANG_WARN_UNGUARDED_AVAILABILITY = YES_AGGRESSIVE;
				CLANG_WARN_UNREACHABLE_CODE = YES;
				CLANG_WARN__DUPLICATE_METHOD_MATCH = YES;
				COPY_PHASE_STRIP = NO;
				DEBUG_INFORMATION_FORMAT = "dwarf-with-dsym";
				ENABLE_NS_ASSERTIONS = NO;
				ENABLE_STRICT_OBJC_MSGSEND = YES;
				ENABLE_USER_SCRIPT_SANDBOXING = YES;
				GCC_C_LANGUAGE_STANDARD = gnu17;
				GCC_NO_COMMON_BLOCKS = YES;
				GCC_WARN_64_TO_32_BIT_CONVERSION = YES;
				GCC_WARN_ABOUT_RETURN_TYPE = YES_ERROR;
				GCC_WARN_UNDECLARED_SELECTOR = YES;
				GCC_WARN_UNINITIALIZED_AUTOS = YES_AGGRESSIVE;
				GCC_WARN_UNUSED_FUNCTION = YES;
				GCC_WARN_UNUSED_VARIABLE = YES;
				IPHONEOS_DEPLOYMENT_TARGET = 17.2;
				LOCALIZATION_PREFERS_STRING_CATALOGS = YES;
				MTL_ENABLE_DEBUG_INFO = NO;
				MTL_FAST_MATH = YES;
				SDKROOT = iphoneos;
				SWIFT_COMPILATION_MODE = wholemodule;
				VALIDATE_PRODUCT = YES;
			};
			name = Release;
		};
		B0694EAD2B619C760013DEE2 /* Debug */ = {
			isa = XCBuildConfiguration;
			buildSettings = {
				ASSETCATALOG_COMPILER_APPICON_NAME = AppIcon;
				ASSETCATALOG_COMPILER_GLOBAL_ACCENT_COLOR_NAME = AccentColor;
				CODE_SIGN_STYLE = Automatic;
				CURRENT_PROJECT_VERSION = 1;
				DEVELOPMENT_TEAM = "";
				GENERATE_INFOPLIST_FILE = YES;
				INFOPLIST_FILE = TechnicalChallenge/Info.plist;
				INFOPLIST_KEY_UIApplicationSupportsIndirectInputEvents = YES;
				INFOPLIST_KEY_UILaunchStoryboardName = LaunchScreen;
				INFOPLIST_KEY_UIMainStoryboardFile = "";
				INFOPLIST_KEY_UISupportedInterfaceOrientations_iPad = "UIInterfaceOrientationPortrait UIInterfaceOrientationPortraitUpsideDown UIInterfaceOrientationLandscapeLeft UIInterfaceOrientationLandscapeRight";
				INFOPLIST_KEY_UISupportedInterfaceOrientations_iPhone = "UIInterfaceOrientationPortrait UIInterfaceOrientationLandscapeLeft UIInterfaceOrientationLandscapeRight";
				LD_RUNPATH_SEARCH_PATHS = (
					"$(inherited)",
					"@executable_path/Frameworks",
				);
				MARKETING_VERSION = 1.0;
				PRODUCT_BUNDLE_IDENTIFIER = tc.TechnicalChallenge;
				PRODUCT_NAME = "$(TARGET_NAME)";
				SWIFT_EMIT_LOC_STRINGS = YES;
				SWIFT_VERSION = 5.0;
				TARGETED_DEVICE_FAMILY = "1,2";
			};
			name = Debug;
		};
		B0694EAE2B619C760013DEE2 /* Release */ = {
			isa = XCBuildConfiguration;
			buildSettings = {
				ASSETCATALOG_COMPILER_APPICON_NAME = AppIcon;
				ASSETCATALOG_COMPILER_GLOBAL_ACCENT_COLOR_NAME = AccentColor;
				CODE_SIGN_STYLE = Automatic;
				CURRENT_PROJECT_VERSION = 1;
				DEVELOPMENT_TEAM = "";
				GENERATE_INFOPLIST_FILE = YES;
				INFOPLIST_FILE = TechnicalChallenge/Info.plist;
				INFOPLIST_KEY_UIApplicationSupportsIndirectInputEvents = YES;
				INFOPLIST_KEY_UILaunchStoryboardName = LaunchScreen;
				INFOPLIST_KEY_UIMainStoryboardFile = "";
				INFOPLIST_KEY_UISupportedInterfaceOrientations_iPad = "UIInterfaceOrientationPortrait UIInterfaceOrientationPortraitUpsideDown UIInterfaceOrientationLandscapeLeft UIInterfaceOrientationLandscapeRight";
				INFOPLIST_KEY_UISupportedInterfaceOrientations_iPhone = "UIInterfaceOrientationPortrait UIInterfaceOrientationLandscapeLeft UIInterfaceOrientationLandscapeRight";
				LD_RUNPATH_SEARCH_PATHS = (
					"$(inherited)",
					"@executable_path/Frameworks",
				);
				MARKETING_VERSION = 1.0;
				PRODUCT_BUNDLE_IDENTIFIER = tc.TechnicalChallenge;
				PRODUCT_NAME = "$(TARGET_NAME)";
				SWIFT_EMIT_LOC_STRINGS = YES;
				SWIFT_VERSION = 5.0;
				TARGETED_DEVICE_FAMILY = "1,2";
			};
			name = Release;
		};
/* End XCBuildConfiguration section */

/* Begin XCConfigurationList section */
		B0694E902B619C740013DEE2 /* Build configuration list for PBXProject "TechnicalChallenge" */ = {
			isa = XCConfigurationList;
			buildConfigurations = (
				B0694EAA2B619C760013DEE2 /* Debug */,
				B0694EAB2B619C760013DEE2 /* Release */,
			);
			defaultConfigurationIsVisible = 0;
			defaultConfigurationName = Release;
		};
		B0694EAC2B619C760013DEE2 /* Build configuration list for PBXNativeTarget "TechnicalChallenge" */ = {
			isa = XCConfigurationList;
			buildConfigurations = (
				B0694EAD2B619C760013DEE2 /* Debug */,
				B0694EAE2B619C760013DEE2 /* Release */,
			);
			defaultConfigurationIsVisible = 0;
			defaultConfigurationName = Release;
		};
/* End XCConfigurationList section */

/* Begin XCRemoteSwiftPackageReference section */
		B0694EAF2B619D6B0013DEE2 /* XCRemoteSwiftPackageReference "Alamofire" */ = {
			isa = XCRemoteSwiftPackageReference;
			repositoryURL = "https://github.com/Alamofire/Alamofire.git";
			requirement = {
				kind = upToNextMajorVersion;
				minimumVersion = 5.8.1;
			};
		};
		B0694EB22B619D9D0013DEE2 /* XCRemoteSwiftPackageReference "IQKeyboardManager" */ = {
			isa = XCRemoteSwiftPackageReference;
			repositoryURL = "https://github.com/hackiftekhar/IQKeyboardManager.git";
			requirement = {
				kind = upToNextMajorVersion;
				minimumVersion = 7.0.0;
			};
		};
		B0694EE62B6317FB0013DEE2 /* XCRemoteSwiftPackageReference "SVProgressHUD" */ = {
			isa = XCRemoteSwiftPackageReference;
			repositoryURL = "https://github.com/SVProgressHUD/SVProgressHUD.git";
			requirement = {
				kind = upToNextMajorVersion;
				minimumVersion = 2.3.1;
			};
		};
		B0694EF22B6319F80013DEE2 /* XCRemoteSwiftPackageReference "Kingfisher" */ = {
			isa = XCRemoteSwiftPackageReference;
			repositoryURL = "https://github.com/onevcat/Kingfisher.git";
			requirement = {
				kind = upToNextMajorVersion;
				minimumVersion = 7.10.2;
			};
		};
/* End XCRemoteSwiftPackageReference section */

/* Begin XCSwiftPackageProductDependency section */
		B0694EB02B619D6B0013DEE2 /* Alamofire */ = {
			isa = XCSwiftPackageProductDependency;
			package = B0694EAF2B619D6B0013DEE2 /* XCRemoteSwiftPackageReference "Alamofire" */;
			productName = Alamofire;
		};
		B0694EB32B619D9D0013DEE2 /* IQKeyboardManagerSwift */ = {
			isa = XCSwiftPackageProductDependency;
			package = B0694EB22B619D9D0013DEE2 /* XCRemoteSwiftPackageReference "IQKeyboardManager" */;
			productName = IQKeyboardManagerSwift;
		};
		B0694EE72B6317FB0013DEE2 /* SVProgressHUD */ = {
			isa = XCSwiftPackageProductDependency;
			package = B0694EE62B6317FB0013DEE2 /* XCRemoteSwiftPackageReference "SVProgressHUD" */;
			productName = SVProgressHUD;
		};
		B0694EF32B6319F80013DEE2 /* Kingfisher */ = {
			isa = XCSwiftPackageProductDependency;
			package = B0694EF22B6319F80013DEE2 /* XCRemoteSwiftPackageReference "Kingfisher" */;
			productName = Kingfisher;
		};
/* End XCSwiftPackageProductDependency section */

/* Begin XCVersionGroup section */
		B0694EA12B619C740013DEE2 /* TechnicalChallenge.xcdatamodeld */ = {
			isa = XCVersionGroup;
			children = (
				B0694EA22B619C740013DEE2 /* TechnicalChallenge.xcdatamodel */,
			);
			currentVersion = B0694EA22B619C740013DEE2 /* TechnicalChallenge.xcdatamodel */;
			path = TechnicalChallenge.xcdatamodeld;
			sourceTree = "<group>";
			versionGroupType = wrapper.xcdatamodel;
		};
/* End XCVersionGroup section */
	};
	rootObject = B0694E8D2B619C740013DEE2 /* Project object */;
}
