// !$*UTF8*$!
{
	archiveVersion = 1;
	classes = {
	};
	objectVersion = 56;
	objects = {

/* Begin PBXBuildFile section */
		B0694E992B619C740013DEE2 /* AppDelegate.swift in Sources */ = {isa = PBXBuildFile; fileRef = B0694E982B619C740013DEE2 /* AppDelegate.swift */; };
		B0694E9B2B619C740013DEE2 /* SceneDelegate.swift in Sources */ = {isa = PBXBuildFile; fileRef = B0694E9A2B619C740013DEE2 /* SceneDelegate.swift */; };
		B0694EA32B619C740013DEE2 /* TechnicalChallenge.xcdatamodeld in Sources */ = {isa = PBXBuildFile; fileRef = B0694EA12B619C740013DEE2 /* TechnicalChallenge.xcdatamodeld */; };
		B0694EA52B619C760013DEE2 /* Assets.xcassets in Resources */ = {isa = PBXBuildFile; fileRef = B0694EA42B619C760013DEE2 /* Assets.xcassets */; };
		B0694EA82B619C760013DEE2 /* LaunchScreen.storyboard in Resources */ = {isa = PBXBuildFile; fileRef = B0694EA62B619C760013DEE2 /* LaunchScreen.storyboard */; };
		B0694EB12B619D6B0013DEE2 /* Alamofire in Frameworks */ = {isa = PBXBuildFile; productRef = B0694EB02B619D6B0013DEE2 /* Alamofire */; };
		B0694EB42B619D9D0013DEE2 /* IQKeyboardManagerSwift in Frameworks */ = {isa = PBXBuildFile; productRef = B0694EB32B619D9D0013DEE2 /* IQKeyboardManagerSwift */; };
		B0694EB72B619DDA0013DEE2 /* Reachability in Frameworks */ = {isa = PBXBuildFile; productRef = B0694EB62B619DDA0013DEE2 /* Reachability */; };
		B0694EBA2B619DE80013DEE2 /* SDWebImage in Frameworks */ = {isa = PBXBuildFile; productRef = B0694EB92B619DE80013DEE2 /* SDWebImage */; };
		B0694EBC2B619DE80013DEE2 /* SDWebImageMapKit in Frameworks */ = {isa = PBXBuildFile; productRef = B0694EBB2B619DE80013DEE2 /* SDWebImageMapKit */; };
		B0694EC82B62F72D0013DEE2 /* DetailMovie.swift in Sources */ = {isa = PBXBuildFile; fileRef = B0694EC72B62F72D0013DEE2 /* DetailMovie.swift */; };
		B0694ED02B63085C0013DEE2 /* MovieNetworkingConfiguration.swift in Sources */ = {isa = PBXBuildFile; fileRef = B0694ECF2B63085C0013DEE2 /* MovieNetworkingConfiguration.swift */; };
		B0694ED22B6308A80013DEE2 /* TMDBConfiguration.swift in Sources */ = {isa = PBXBuildFile; fileRef = B0694ED12B6308A80013DEE2 /* TMDBConfiguration.swift */; };
		B0694ED42B63129F0013DEE2 /* UpcomingMoviesModels.swift in Sources */ = {isa = PBXBuildFile; fileRef = B0694ED32B63129F0013DEE2 /* UpcomingMoviesModels.swift */; };
		B0694ED62B63135C0013DEE2 /* UpcomingMoviesConfigurator.swift in Sources */ = {isa = PBXBuildFile; fileRef = B0694ED52B63135C0013DEE2 /* UpcomingMoviesConfigurator.swift */; };
		B0694ED82B6313BD0013DEE2 /* UpcomingMoviesViewController.swift in Sources */ = {isa = PBXBuildFile; fileRef = B0694ED72B6313BD0013DEE2 /* UpcomingMoviesViewController.swift */; };
		B0694EDA2B63143F0013DEE2 /* BaseView.swift in Sources */ = {isa = PBXBuildFile; fileRef = B0694ED92B63143F0013DEE2 /* BaseView.swift */; };
		B0694EDD2B6314900013DEE2 /* Logger.swift in Sources */ = {isa = PBXBuildFile; fileRef = B0694EDC2B6314900013DEE2 /* Logger.swift */; };
		B0694EDF2B6314C40013DEE2 /* NetworkingConstant.swift in Sources */ = {isa = PBXBuildFile; fileRef = B0694EDE2B6314C40013DEE2 /* NetworkingConstant.swift */; };
		B0694EE12B6315A30013DEE2 /* Configuration.swift in Sources */ = {isa = PBXBuildFile; fileRef = B0694EE02B6315A30013DEE2 /* Configuration.swift */; };
		B0694EE32B6315CE0013DEE2 /* BaseNetworking.swift in Sources */ = {isa = PBXBuildFile; fileRef = B0694EE22B6315CE0013DEE2 /* BaseNetworking.swift */; };
		B0694EE52B6317560013DEE2 /* BaseViewController.swift in Sources */ = {isa = PBXBuildFile; fileRef = B0694EE42B6317560013DEE2 /* BaseViewController.swift */; };
		B0694EE82B6317FB0013DEE2 /* SVProgressHUD in Frameworks */ = {isa = PBXBuildFile; productRef = B0694EE72B6317FB0013DEE2 /* SVProgressHUD */; };
		B0694EEB2B6319250013DEE2 /* Optional+Extensions.swift in Sources */ = {isa = PBXBuildFile; fileRef = B0694EEA2B6319250013DEE2 /* Optional+Extensions.swift */; };
		B0694EED2B63193A0013DEE2 /* String+Extensions.swift in Sources */ = {isa = PBXBuildFile; fileRef = B0694EEC2B63193A0013DEE2 /* String+Extensions.swift */; };
		B0694EEF2B6319850013DEE2 /* UIApplication+Extensions.swift in Sources */ = {isa = PBXBuildFile; fileRef = B0694EEE2B6319850013DEE2 /* UIApplication+Extensions.swift */; };
		B0694EF12B6319B30013DEE2 /* UIImageView+Kingfisher.swift in Sources */ = {isa = PBXBuildFile; fileRef = B0694EF02B6319B30013DEE2 /* UIImageView+Kingfisher.swift */; };
		B0694EF42B6319F80013DEE2 /* Kingfisher in Frameworks */ = {isa = PBXBuildFile; productRef = B0694EF32B6319F80013DEE2 /* Kingfisher */; };
		B0694EF62B631A5D0013DEE2 /* UITableView+Extensions.swift in Sources */ = {isa = PBXBuildFile; fileRef = B0694EF52B631A5D0013DEE2 /* UITableView+Extensions.swift */; };
		B0694EF82B631A790013DEE2 /* UIView+Extensions.swift in Sources */ = {isa = PBXBuildFile; fileRef = B0694EF72B631A790013DEE2 /* UIView+Extensions.swift */; };
		B0694EFA2B631AE10013DEE2 /* UIViewController+Extensions.swift in Sources */ = {isa = PBXBuildFile; fileRef = B0694EF92B631AE10013DEE2 /* UIViewController+Extensions.swift */; };
		B0694EFF2B631CB20013DEE2 /* UpcomingMoviesInteractor.swift in Sources */ = {isa = PBXBuildFile; fileRef = B0694EFE2B631CB20013DEE2 /* UpcomingMoviesInteractor.swift */; };
		B0694F012B631D840013DEE2 /* UpcomingMoviesPresenter.swift in Sources */ = {isa = PBXBuildFile; fileRef = B0694F002B631D840013DEE2 /* UpcomingMoviesPresenter.swift */; };
		B0694F032B631DD30013DEE2 /* UpcomingMoviesRouter.swift in Sources */ = {isa = PBXBuildFile; fileRef = B0694F022B631DD30013DEE2 /* UpcomingMoviesRouter.swift */; };
		B0694F052B631EB40013DEE2 /* UpcomingMoviesNetworkWorker.swift in Sources */ = {isa = PBXBuildFile; fileRef = B0694F042B631EB40013DEE2 /* UpcomingMoviesNetworkWorker.swift */; };
		B0694F082B631FDD0013DEE2 /* UpcomingMovieCell.swift in Sources */ = {isa = PBXBuildFile; fileRef = B0694F072B631FDD0013DEE2 /* UpcomingMovieCell.swift */; };
		B0694F0A2B63212A0013DEE2 /* UpcomingMovies.storyboard in Resources */ = {isa = PBXBuildFile; fileRef = B0694F092B63212A0013DEE2 /* UpcomingMovies.storyboard */; };
		B0694F0C2B63232B0013DEE2 /* UpcomingMovieCell.xib in Resources */ = {isa = PBXBuildFile; fileRef = B0694F0B2B63232B0013DEE2 /* UpcomingMovieCell.xib */; };
/* End PBXBuildFile section */

/* Begin PBXFileReference section */
		B0694E952B619C740013DEE2 /* TechnicalChallenge.app */ = {isa = PBXFileReference; explicitFileType = wrapper.application; includeInIndex = 0; path = TechnicalChallenge.app; sourceTree = BUILT_PRODUCTS_DIR; };
		B0694E982B619C740013DEE2 /* AppDelegate.swift */ = {isa = PBXFileReference; lastKnownFileType = sourcecode.swift; path = AppDelegate.swift; sourceTree = "<group>"; };
		B0694E9A2B619C740013DEE2 /* SceneDelegate.swift */ = {isa = PBXFileReference; lastKnownFileType = sourcecode.swift; path = SceneDelegate.swift; sourceTree = "<group>"; };
		B0694EA22B619C740013DEE2 /* TechnicalChallenge.xcdatamodel */ = {isa = PBXFileReference; lastKnownFileType = wrapper.xcdatamodel; path = TechnicalChallenge.xcdatamodel; sourceTree = "<group>"; };
		B0694EA42B619C760013DEE2 /* Assets.xcassets */ = {isa = PBXFileReference; lastKnownFileType = folder.assetcatalog; path = Assets.xcassets; sourceTree = "<group>"; };
		B0694EA72B619C760013DEE2 /* Base */ = {isa = PBXFileReference; lastKnownFileType = file.storyboard; name = Base; path = Base.lproj/LaunchScreen.storyboard; sourceTree = "<group>"; };
		B0694EA92B619C760013DEE2 /* Info.plist */ = {isa = PBXFileReference; lastKnownFileType = text.plist.xml; path = Info.plist; sourceTree = "<group>"; };
		B0694EC72B62F72D0013DEE2 /* DetailMovie.swift */ = {isa = PBXFileReference; lastKnownFileType = sourcecode.swift; path = DetailMovie.swift; sourceTree = "<group>"; };
		B0694ECF2B63085C0013DEE2 /* MovieNetworkingConfiguration.swift */ = {isa = PBXFileReference; lastKnownFileType = sourcecode.swift; path = MovieNetworkingConfiguration.swift; sourceTree = "<group>"; };
		B0694ED12B6308A80013DEE2 /* TMDBConfiguration.swift */ = {isa = PBXFileReference; lastKnownFileType = sourcecode.swift; path = TMDBConfiguration.swift; sourceTree = "<group>"; };
		B0694ED32B63129F0013DEE2 /* UpcomingMoviesModels.swift */ = {isa = PBXFileReference; lastKnownFileType = sourcecode.swift; path = UpcomingMoviesModels.swift; sourceTree = "<group>"; };
		B0694ED52B63135C0013DEE2 /* UpcomingMoviesConfigurator.swift */ = {isa = PBXFileReference; lastKnownFileType = sourcecode.swift; path = UpcomingMoviesConfigurator.swift; sourceTree = "<group>"; };
		B0694ED72B6313BD0013DEE2 /* UpcomingMoviesViewController.swift */ = {isa = PBXFileReference; lastKnownFileType = sourcecode.swift; path = UpcomingMoviesViewController.swift; sourceTree = "<group>"; };
		B0694ED92B63143F0013DEE2 /* BaseView.swift */ = {isa = PBXFileReference; lastKnownFileType = sourcecode.swift; path = BaseView.swift; sourceTree = "<group>"; };
		B0694EDC2B6314900013DEE2 /* Logger.swift */ = {isa = PBXFileReference; lastKnownFileType = sourcecode.swift; path = Logger.swift; sourceTree = "<group>"; };
		B0694EDE2B6314C40013DEE2 /* NetworkingConstant.swift */ = {isa = PBXFileReference; lastKnownFileType = sourcecode.swift; path = NetworkingConstant.swift; sourceTree = "<group>"; };
		B0694EE02B6315A30013DEE2 /* Configuration.swift */ = {isa = PBXFileReference; lastKnownFileType = sourcecode.swift; path = Configuration.swift; sourceTree = "<group>"; };
		B0694EE22B6315CE0013DEE2 /* BaseNetworking.swift */ = {isa = PBXFileReference; lastKnownFileType = sourcecode.swift; path = BaseNetworking.swift; sourceTree = "<group>"; };
		B0694EE42B6317560013DEE2 /* BaseViewController.swift */ = {isa = PBXFileReference; lastKnownFileType = sourcecode.swift; path = BaseViewController.swift; sourceTree = "<group>"; };
		B0694EEA2B6319250013DEE2 /* Optional+Extensions.swift */ = {isa = PBXFileReference; lastKnownFileType = sourcecode.swift; path = "Optional+Extensions.swift"; sourceTree = "<group>"; };
		B0694EEC2B63193A0013DEE2 /* String+Extensions.swift */ = {isa = PBXFileReference; lastKnownFileType = sourcecode.swift; path = "String+Extensions.swift"; sourceTree = "<group>"; };
		B0694EEE2B6319850013DEE2 /* UIApplication+Extensions.swift */ = {isa = PBXFileReference; lastKnownFileType = sourcecode.swift; path = "UIApplication+Extensions.swift"; sourceTree = "<group>"; };
		B0694EF02B6319B30013DEE2 /* UIImageView+Kingfisher.swift */ = {isa = PBXFileReference; lastKnownFileType = sourcecode.swift; path = "UIImageView+Kingfisher.swift"; sourceTree = "<group>"; };
		B0694EF52B631A5D0013DEE2 /* UITableView+Extensions.swift */ = {isa = PBXFileReference; lastKnownFileType = sourcecode.swift; path = "UITableView+Extensions.swift"; sourceTree = "<group>"; };
		B0694EF72B631A790013DEE2 /* UIView+Extensions.swift */ = {isa = PBXFileReference; lastKnownFileType = sourcecode.swift; path = "UIView+Extensions.swift"; sourceTree = "<group>"; };
		B0694EF92B631AE10013DEE2 /* UIViewController+Extensions.swift */ = {isa = PBXFileReference; lastKnownFileType = sourcecode.swift; path = "UIViewController+Extensions.swift"; sourceTree = "<group>"; };
		B0694EFE2B631CB20013DEE2 /* UpcomingMoviesInteractor.swift */ = {isa = PBXFileReference; lastKnownFileType = sourcecode.swift; path = UpcomingMoviesInteractor.swift; sourceTree = "<group>"; };
		B0694F002B631D840013DEE2 /* UpcomingMoviesPresenter.swift */ = {isa = PBXFileReference; lastKnownFileType = sourcecode.swift; path = UpcomingMoviesPresenter.swift; sourceTree = "<group>"; };
		B0694F022B631DD30013DEE2 /* UpcomingMoviesRouter.swift */ = {isa = PBXFileReference; lastKnownFileType = sourcecode.swift; path = UpcomingMoviesRouter.swift; sourceTree = "<group>"; };
		B0694F042B631EB40013DEE2 /* UpcomingMoviesNetworkWorker.swift */ = {isa = PBXFileReference; lastKnownFileType = sourcecode.swift; path = UpcomingMoviesNetworkWorker.swift; sourceTree = "<group>"; };
		B0694F072B631FDD0013DEE2 /* UpcomingMovieCell.swift */ = {isa = PBXFileReference; lastKnownFileType = sourcecode.swift; path = UpcomingMovieCell.swift; sourceTree = "<group>"; };
		B0694F092B63212A0013DEE2 /* UpcomingMovies.storyboard */ = {isa = PBXFileReference; lastKnownFileType = file.storyboard; path = UpcomingMovies.storyboard; sourceTree = "<group>"; };
		B0694F0B2B63232B0013DEE2 /* UpcomingMovieCell.xib */ = {isa = PBXFileReference; lastKnownFileType = file.xib; path = UpcomingMovieCell.xib; sourceTree = "<group>"; };
/* End PBXFileReference section */

/* Begin PBXFrameworksBuildPhase section */
		B0694E922B619C740013DEE2 /* Frameworks */ = {
			isa = PBXFrameworksBuildPhase;
			buildActionMask = 2147483647;
			files = (
				B0694EE82B6317FB0013DEE2 /* SVProgressHUD in Frameworks */,
				B0694EB12B619D6B0013DEE2 /* Alamofire in Frameworks */,
				B0694EF42B6319F80013DEE2 /* Kingfisher in Frameworks */,
				B0694EBC2B619DE80013DEE2 /* SDWebImageMapKit in Frameworks */,
				B0694EB72B619DDA0013DEE2 /* Reachability in Frameworks */,
				B0694EBA2B619DE80013DEE2 /* SDWebImage in Frameworks */,
				B0694EB42B619D9D0013DEE2 /* IQKeyboardManagerSwift in Frameworks */,
			);
			runOnlyForDeploymentPostprocessing = 0;
		};
/* End PBXFrameworksBuildPhase section */

/* Begin PBXGroup section */
		B0694E8C2B619C740013DEE2 = {
			isa = PBXGroup;
			children = (
				B0694E972B619C740013DEE2 /* TechnicalChallenge */,
				B0694E962B619C740013DEE2 /* Products */,
			);
			sourceTree = "<group>";
		};
		B0694E962B619C740013DEE2 /* Products */ = {
			isa = PBXGroup;
			children = (
				B0694E952B619C740013DEE2 /* TechnicalChallenge.app */,
			);
			name = Products;
			sourceTree = "<group>";
		};
		B0694E972B619C740013DEE2 /* TechnicalChallenge */ = {
			isa = PBXGroup;
			children = (
				B0694EE92B6319120013DEE2 /* Extensions */,
				B0694ECE2B63081E0013DEE2 /* Networking */,
				B0694ECD2B63080A0013DEE2 /* Base */,
				B0694ECB2B6307130013DEE2 /* Scenes */,
				B0694EC22B61B03F0013DEE2 /* Models */,
				B0694E982B619C740013DEE2 /* AppDelegate.swift */,
				B0694E9A2B619C740013DEE2 /* SceneDelegate.swift */,
				B0694EA42B619C760013DEE2 /* Assets.xcassets */,
				B0694EA62B619C760013DEE2 /* LaunchScreen.storyboard */,
				B0694EA92B619C760013DEE2 /* Info.plist */,
				B0694EA12B619C740013DEE2 /* TechnicalChallenge.xcdatamodeld */,
			);
			path = TechnicalChallenge;
			sourceTree = "<group>";
		};
		B0694EC22B61B03F0013DEE2 /* Models */ = {
			isa = PBXGroup;
			children = (
				B0694EC72B62F72D0013DEE2 /* DetailMovie.swift */,
			);
			path = Models;
			sourceTree = "<group>";
		};
		B0694ECB2B6307130013DEE2 /* Scenes */ = {
			isa = PBXGroup;
			children = (
				B0694EFD2B631BFE0013DEE2 /* LoginMovies */,
				B0694ECC2B63075F0013DEE2 /* UpComingMovies */,
			);
			path = Scenes;
			sourceTree = "<group>";
		};
		B0694ECC2B63075F0013DEE2 /* UpComingMovies */ = {
			isa = PBXGroup;
			children = (
				B0694F062B631FCC0013DEE2 /* Cell */,
				B0694ED32B63129F0013DEE2 /* UpcomingMoviesModels.swift */,
				B0694ED52B63135C0013DEE2 /* UpcomingMoviesConfigurator.swift */,
				B0694ED72B6313BD0013DEE2 /* UpcomingMoviesViewController.swift */,
				B0694EFE2B631CB20013DEE2 /* UpcomingMoviesInteractor.swift */,
				B0694F002B631D840013DEE2 /* UpcomingMoviesPresenter.swift */,
				B0694F022B631DD30013DEE2 /* UpcomingMoviesRouter.swift */,
				B0694F042B631EB40013DEE2 /* UpcomingMoviesNetworkWorker.swift */,
				B0694F092B63212A0013DEE2 /* UpcomingMovies.storyboard */,
			);
			path = UpComingMovies;
			sourceTree = "<group>";
		};
		B0694ECD2B63080A0013DEE2 /* Base */ = {
			isa = PBXGroup;
			children = (
				B0694EDB2B63146E0013DEE2 /* BaseNetworking */,
				B0694ED92B63143F0013DEE2 /* BaseView.swift */,
				B0694EE42B6317560013DEE2 /* BaseViewController.swift */,
			);
			path = Base;
			sourceTree = "<group>";
		};
		B0694ECE2B63081E0013DEE2 /* Networking */ = {
			isa = PBXGroup;
			children = (
				B0694ECF2B63085C0013DEE2 /* MovieNetworkingConfiguration.swift */,
				B0694ED12B6308A80013DEE2 /* TMDBConfiguration.swift */,
			);
			path = Networking;
			sourceTree = "<group>";
		};
		B0694EDB2B63146E0013DEE2 /* BaseNetworking */ = {
			isa = PBXGroup;
			children = (
				B0694EDC2B6314900013DEE2 /* Logger.swift */,
				B0694EDE2B6314C40013DEE2 /* NetworkingConstant.swift */,
				B0694EE02B6315A30013DEE2 /* Configuration.swift */,
				B0694EE22B6315CE0013DEE2 /* BaseNetworking.swift */,
			);
			path = BaseNetworking;
			sourceTree = "<group>";
		};
		B0694EE92B6319120013DEE2 /* Extensions */ = {
			isa = PBXGroup;
			children = (
				B0694EEA2B6319250013DEE2 /* Optional+Extensions.swift */,
				B0694EEC2B63193A0013DEE2 /* String+Extensions.swift */,
				B0694EEE2B6319850013DEE2 /* UIApplication+Extensions.swift */,
				B0694EF02B6319B30013DEE2 /* UIImageView+Kingfisher.swift */,
				B0694EF52B631A5D0013DEE2 /* UITableView+Extensions.swift */,
				B0694EF72B631A790013DEE2 /* UIView+Extensions.swift */,
				B0694EF92B631AE10013DEE2 /* UIViewController+Extensions.swift */,
			);
			path = Extensions;
			sourceTree = "<group>";
		};
		B0694EFD2B631BFE0013DEE2 /* LoginMovies */ = {
			isa = PBXGroup;
			children = (
			);
			path = LoginMovies;
			sourceTree = "<group>";
		};
		B0694F062B631FCC0013DEE2 /* Cell */ = {
			isa = PBXGroup;
			children = (
				B0694F072B631FDD0013DEE2 /* UpcomingMovieCell.swift */,
				B0694F0B2B63232B0013DEE2 /* UpcomingMovieCell.xib */,
			);
			path = Cell;
			sourceTree = "<group>";
		};
/* End PBXGroup section */

/* Begin PBXNativeTarget section */
		B0694E942B619C740013DEE2 /* TechnicalChallenge */ = {
			isa = PBXNativeTarget;
			buildConfigurationList = B0694EAC2B619C760013DEE2 /* Build configuration list for PBXNativeTarget "TechnicalChallenge" */;
			buildPhases = (
				B0694E912B619C740013DEE2 /* Sources */,
				B0694E922B619C740013DEE2 /* Frameworks */,
				B0694E932B619C740013DEE2 /* Resources */,
			);
			buildRules = (
			);
			dependencies = (
			);
			name = TechnicalChallenge;
			packageProductDependencies = (
				B0694EB02B619D6B0013DEE2 /* Alamofire */,
				B0694EB32B619D9D0013DEE2 /* IQKeyboardManagerSwift */,
				B0694EB62B619DDA0013DEE2 /* Reachability */,
				B0694EB92B619DE80013DEE2 /* SDWebImage */,
				B0694EBB2B619DE80013DEE2 /* SDWebImageMapKit */,
				B0694EE72B6317FB0013DEE2 /* SVProgressHUD */,
				B0694EF32B6319F80013DEE2 /* Kingfisher */,
			);
			productName = TechnicalChallenge;
			productReference = B0694E952B619C740013DEE2 /* TechnicalChallenge.app */;
			productType = "com.apple.product-type.application";
		};
/* End PBXNativeTarget section */

/* Begin PBXProject section */
		B0694E8D2B619C740013DEE2 /* Project object */ = {
			isa = PBXProject;
			attributes = {
				BuildIndependentTargetsInParallel = 1;
				LastSwiftUpdateCheck = 1520;
				LastUpgradeCheck = 1520;
				TargetAttributes = {
					B0694E942B619C740013DEE2 = {
						CreatedOnToolsVersion = 15.2;
					};
				};
			};
			buildConfigurationList = B0694E902B619C740013DEE2 /* Build configuration list for PBXProject "TechnicalChallenge" */;
			compatibilityVersion = "Xcode 14.0";
			developmentRegion = en;
			hasScannedForEncodings = 0;
			knownRegions = (
				en,
				Base,
			);
			mainGroup = B0694E8C2B619C740013DEE2;
			packageReferences = (
				B0694EAF2B619D6B0013DEE2 /* XCRemoteSwiftPackageReference "Alamofire" */,
				B0694EB22B619D9D0013DEE2 /* XCRemoteSwiftPackageReference "IQKeyboardManager" */,
				B0694EB52B619DDA0013DEE2 /* XCRemoteSwiftPackageReference "Reachability" */,
				B0694EB82B619DE80013DEE2 /* XCRemoteSwiftPackageReference "SDWebImage" */,
				B0694EE62B6317FB0013DEE2 /* XCRemoteSwiftPackageReference "SVProgressHUD" */,
				B0694EF22B6319F80013DEE2 /* XCRemoteSwiftPackageReference "Kingfisher" */,
			);
			productRefGroup = B0694E962B619C740013DEE2 /* Products */;
			projectDirPath = "";
			projectRoot = "";
			targets = (
				B0694E942B619C740013DEE2 /* TechnicalChallenge */,
			);
		};
/* End PBXProject section */

/* Begin PBXResourcesBuildPhase section */
		B0694E932B619C740013DEE2 /* Resources */ = {
			isa = PBXResourcesBuildPhase;
			buildActionMask = 2147483647;
			files = (
				B0694F0C2B63232B0013DEE2 /* UpcomingMovieCell.xib in Resources */,
				B0694EA82B619C760013DEE2 /* LaunchScreen.storyboard in Resources */,
				B0694F0A2B63212A0013DEE2 /* UpcomingMovies.storyboard in Resources */,
				B0694EA52B619C760013DEE2 /* Assets.xcassets in Resources */,
			);
			runOnlyForDeploymentPostprocessing = 0;
		};
/* End PBXResourcesBuildPhase section */

/* Begin PBXSourcesBuildPhase section */
		B0694E912B619C740013DEE2 /* Sources */ = {
			isa = PBXSourcesBuildPhase;
			buildActionMask = 2147483647;
			files = (
				B0694EF82B631A790013DEE2 /* UIView+Extensions.swift in Sources */,
				B0694ED22B6308A80013DEE2 /* TMDBConfiguration.swift in Sources */,
				B0694EDA2B63143F0013DEE2 /* BaseView.swift in Sources */,
				B0694EEF2B6319850013DEE2 /* UIApplication+Extensions.swift in Sources */,
				B0694F032B631DD30013DEE2 /* UpcomingMoviesRouter.swift in Sources */,
				B0694EFF2B631CB20013DEE2 /* UpcomingMoviesInteractor.swift in Sources */,
				B0694F012B631D840013DEE2 /* UpcomingMoviesPresenter.swift in Sources */,
				B0694EE32B6315CE0013DEE2 /* BaseNetworking.swift in Sources */,
				B0694EDF2B6314C40013DEE2 /* NetworkingConstant.swift in Sources */,
				B0694EFA2B631AE10013DEE2 /* UIViewController+Extensions.swift in Sources */,
				B0694ED82B6313BD0013DEE2 /* UpcomingMoviesViewController.swift in Sources */,
				B0694F052B631EB40013DEE2 /* UpcomingMoviesNetworkWorker.swift in Sources */,
				B0694EEB2B6319250013DEE2 /* Optional+Extensions.swift in Sources */,
				B0694EE52B6317560013DEE2 /* BaseViewController.swift in Sources */,
				B0694ED02B63085C0013DEE2 /* MovieNetworkingConfiguration.swift in Sources */,
				B0694EF12B6319B30013DEE2 /* UIImageView+Kingfisher.swift in Sources */,
				B0694EE12B6315A30013DEE2 /* Configuration.swift in Sources */,
				B0694F082B631FDD0013DEE2 /* UpcomingMovieCell.swift in Sources */,
				B0694ED62B63135C0013DEE2 /* UpcomingMoviesConfigurator.swift in Sources */,
				B0694ED42B63129F0013DEE2 /* UpcomingMoviesModels.swift in Sources */,
				B0694EC82B62F72D0013DEE2 /* DetailMovie.swift in Sources */,
				B0694EED2B63193A0013DEE2 /* String+Extensions.swift in Sources */,
				B0694EF62B631A5D0013DEE2 /* UITableView+Extensions.swift in Sources */,
				B0694EA32B619C740013DEE2 /* TechnicalChallenge.xcdatamodeld in Sources */,
				B0694E992B619C740013DEE2 /* AppDelegate.swift in Sources */,
				B0694EDD2B6314900013DEE2 /* Logger.swift in Sources */,
				B0694E9B2B619C740013DEE2 /* SceneDelegate.swift in Sources */,
			);
			runOnlyForDeploymentPostprocessing = 0;
		};
/* End PBXSourcesBuildPhase section */

/* Begin PBXVariantGroup section */
		B0694EA62B619C760013DEE2 /* LaunchScreen.storyboard */ = {
			isa = PBXVariantGroup;
			children = (
				B0694EA72B619C760013DEE2 /* Base */,
			);
			name = LaunchScreen.storyboard;
			sourceTree = "<group>";
		};
/* End PBXVariantGroup section */

/* Begin XCBuildConfiguration section */
		B0694EAA2B619C760013DEE2 /* Debug */ = {
			isa = XCBuildConfiguration;
			buildSettings = {
				ALWAYS_SEARCH_USER_PATHS = NO;
				ASSETCATALOG_COMPILER_GENERATE_SWIFT_ASSET_SYMBOL_EXTENSIONS = YES;
				CLANG_ANALYZER_NONNULL = YES;
				CLANG_ANALYZER_NUMBER_OBJECT_CONVERSION = YES_AGGRESSIVE;
				CLANG_CXX_LANGUAGE_STANDARD = "gnu++20";
				CLANG_ENABLE_MODULES = YES;
				CLANG_ENABLE_OBJC_ARC = YES;
				CLANG_ENABLE_OBJC_WEAK = YES;
				CLANG_WARN_BLOCK_CAPTURE_AUTORELEASING = YES;
				CLANG_WARN_BOOL_CONVERSION = YES;
				CLANG_WARN_COMMA = YES;
				CLANG_WARN_CONSTANT_CONVERSION = YES;
				CLANG_WARN_DEPRECATED_OBJC_IMPLEMENTATIONS = YES;
				CLANG_WARN_DIRECT_OBJC_ISA_USAGE = YES_ERROR;
				CLANG_WARN_DOCUMENTATION_COMMENTS = YES;
				CLANG_WARN_EMPTY_BODY = YES;
				CLANG_WARN_ENUM_CONVERSION = YES;
				CLANG_WARN_INFINITE_RECURSION = YES;
				CLANG_WARN_INT_CONVERSION = YES;
				CLANG_WARN_NON_LITERAL_NULL_CONVERSION = YES;
				CLANG_WARN_OBJC_IMPLICIT_RETAIN_SELF = YES;
				CLANG_WARN_OBJC_LITERAL_CONVERSION = YES;
				CLANG_WARN_OBJC_ROOT_CLASS = YES_ERROR;
				CLANG_WARN_QUOTED_INCLUDE_IN_FRAMEWORK_HEADER = YES;
				CLANG_WARN_RANGE_LOOP_ANALYSIS = YES;
				CLANG_WARN_STRICT_PROTOTYPES = YES;
				CLANG_WARN_SUSPICIOUS_MOVE = YES;
				CLANG_WARN_UNGUARDED_AVAILABILITY = YES_AGGRESSIVE;
				CLANG_WARN_UNREACHABLE_CODE = YES;
				CLANG_WARN__DUPLICATE_METHOD_MATCH = YES;
				COPY_PHASE_STRIP = NO;
				DEBUG_INFORMATION_FORMAT = dwarf;
				ENABLE_STRICT_OBJC_MSGSEND = YES;
				ENABLE_TESTABILITY = YES;
				ENABLE_USER_SCRIPT_SANDBOXING = YES;
				GCC_C_LANGUAGE_STANDARD = gnu17;
				GCC_DYNAMIC_NO_PIC = NO;
				GCC_NO_COMMON_BLOCKS = YES;
				GCC_OPTIMIZATION_LEVEL = 0;
				GCC_PREPROCESSOR_DEFINITIONS = (
					"DEBUG=1",
					"$(inherited)",
				);
				GCC_WARN_64_TO_32_BIT_CONVERSION = YES;
				GCC_WARN_ABOUT_RETURN_TYPE = YES_ERROR;
				GCC_WARN_UNDECLARED_SELECTOR = YES;
				GCC_WARN_UNINITIALIZED_AUTOS = YES_AGGRESSIVE;
				GCC_WARN_UNUSED_FUNCTION = YES;
				GCC_WARN_UNUSED_VARIABLE = YES;
				IPHONEOS_DEPLOYMENT_TARGET = 17.2;
				LOCALIZATION_PREFERS_STRING_CATALOGS = YES;
				MTL_ENABLE_DEBUG_INFO = INCLUDE_SOURCE;
				MTL_FAST_MATH = YES;
				ONLY_ACTIVE_ARCH = YES;
				SDKROOT = iphoneos;
				SWIFT_ACTIVE_COMPILATION_CONDITIONS = "DEBUG $(inherited)";
				SWIFT_OPTIMIZATION_LEVEL = "-Onone";
			};
			name = Debug;
		};
		B0694EAB2B619C760013DEE2 /* Release */ = {
			isa = XCBuildConfiguration;
			buildSettings = {
				ALWAYS_SEARCH_USER_PATHS = NO;
				ASSETCATALOG_COMPILER_GENERATE_SWIFT_ASSET_SYMBOL_EXTENSIONS = YES;
				CLANG_ANALYZER_NONNULL = YES;
				CLANG_ANALYZER_NUMBER_OBJECT_CONVERSION = YES_AGGRESSIVE;
				CLANG_CXX_LANGUAGE_STANDARD = "gnu++20";
				CLANG_ENABLE_MODULES = YES;
				CLANG_ENABLE_OBJC_ARC = YES;
				CLANG_ENABLE_OBJC_WEAK = YES;
				CLANG_WARN_BLOCK_CAPTURE_AUTORELEASING = YES;
				CLANG_WARN_BOOL_CONVERSION = YES;
				CLANG_WARN_COMMA = YES;
				CLANG_WARN_CONSTANT_CONVERSION = YES;
				CLANG_WARN_DEPRECATED_OBJC_IMPLEMENTATIONS = YES;
				CLANG_WARN_DIRECT_OBJC_ISA_USAGE = YES_ERROR;
				CLANG_WARN_DOCUMENTATION_COMMENTS = YES;
				CLANG_WARN_EMPTY_BODY = YES;
				CLANG_WARN_ENUM_CONVERSION = YES;
				CLANG_WARN_INFINITE_RECURSION = YES;
				CLANG_WARN_INT_CONVERSION = YES;
				CLANG_WARN_NON_LITERAL_NULL_CONVERSION = YES;
				CLANG_WARN_OBJC_IMPLICIT_RETAIN_SELF = YES;
				CLANG_WARN_OBJC_LITERAL_CONVERSION = YES;
				CLANG_WARN_OBJC_ROOT_CLASS = YES_ERROR;
				CLANG_WARN_QUOTED_INCLUDE_IN_FRAMEWORK_HEADER = YES;
				CLANG_WARN_RANGE_LOOP_ANALYSIS = YES;
				CLANG_WARN_STRICT_PROTOTYPES = YES;
				CLANG_WARN_SUSPICIOUS_MOVE = YES;
				CLANG_WARN_UNGUARDED_AVAILABILITY = YES_AGGRESSIVE;
				CLANG_WARN_UNREACHABLE_CODE = YES;
				CLANG_WARN__DUPLICATE_METHOD_MATCH = YES;
				COPY_PHASE_STRIP = NO;
				DEBUG_INFORMATION_FORMAT = "dwarf-with-dsym";
				ENABLE_NS_ASSERTIONS = NO;
				ENABLE_STRICT_OBJC_MSGSEND = YES;
				ENABLE_USER_SCRIPT_SANDBOXING = YES;
				GCC_C_LANGUAGE_STANDARD = gnu17;
				GCC_NO_COMMON_BLOCKS = YES;
				GCC_WARN_64_TO_32_BIT_CONVERSION = YES;
				GCC_WARN_ABOUT_RETURN_TYPE = YES_ERROR;
				GCC_WARN_UNDECLARED_SELECTOR = YES;
				GCC_WARN_UNINITIALIZED_AUTOS = YES_AGGRESSIVE;
				GCC_WARN_UNUSED_FUNCTION = YES;
				GCC_WARN_UNUSED_VARIABLE = YES;
				IPHONEOS_DEPLOYMENT_TARGET = 17.2;
				LOCALIZATION_PREFERS_STRING_CATALOGS = YES;
				MTL_ENABLE_DEBUG_INFO = NO;
				MTL_FAST_MATH = YES;
				SDKROOT = iphoneos;
				SWIFT_COMPILATION_MODE = wholemodule;
				VALIDATE_PRODUCT = YES;
			};
			name = Release;
		};
		B0694EAD2B619C760013DEE2 /* Debug */ = {
			isa = XCBuildConfiguration;
			buildSettings = {
				ASSETCATALOG_COMPILER_APPICON_NAME = AppIcon;
				ASSETCATALOG_COMPILER_GLOBAL_ACCENT_COLOR_NAME = AccentColor;
				CODE_SIGN_STYLE = Automatic;
				CURRENT_PROJECT_VERSION = 1;
				DEVELOPMENT_TEAM = "";
				GENERATE_INFOPLIST_FILE = YES;
				INFOPLIST_FILE = TechnicalChallenge/Info.plist;
				INFOPLIST_KEY_UIApplicationSupportsIndirectInputEvents = YES;
				INFOPLIST_KEY_UILaunchStoryboardName = LaunchScreen;
				INFOPLIST_KEY_UIMainStoryboardFile = Main;
				INFOPLIST_KEY_UISupportedInterfaceOrientations_iPad = "UIInterfaceOrientationPortrait UIInterfaceOrientationPortraitUpsideDown UIInterfaceOrientationLandscapeLeft UIInterfaceOrientationLandscapeRight";
				INFOPLIST_KEY_UISupportedInterfaceOrientations_iPhone = "UIInterfaceOrientationPortrait UIInterfaceOrientationLandscapeLeft UIInterfaceOrientationLandscapeRight";
				LD_RUNPATH_SEARCH_PATHS = (
					"$(inherited)",
					"@executable_path/Frameworks",
				);
				MARKETING_VERSION = 1.0;
				PRODUCT_BUNDLE_IDENTIFIER = tc.TechnicalChallenge;
				PRODUCT_NAME = "$(TARGET_NAME)";
				SWIFT_EMIT_LOC_STRINGS = YES;
				SWIFT_VERSION = 5.0;
				TARGETED_DEVICE_FAMILY = "1,2";
			};
			name = Debug;
		};
		B0694EAE2B619C760013DEE2 /* Release */ = {
			isa = XCBuildConfiguration;
			buildSettings = {
				ASSETCATALOG_COMPILER_APPICON_NAME = AppIcon;
				ASSETCATALOG_COMPILER_GLOBAL_ACCENT_COLOR_NAME = AccentColor;
				CODE_SIGN_STYLE = Automatic;
				CURRENT_PROJECT_VERSION = 1;
				DEVELOPMENT_TEAM = "";
				GENERATE_INFOPLIST_FILE = YES;
				INFOPLIST_FILE = TechnicalChallenge/Info.plist;
				INFOPLIST_KEY_UIApplicationSupportsIndirectInputEvents = YES;
				INFOPLIST_KEY_UILaunchStoryboardName = LaunchScreen;
				INFOPLIST_KEY_UIMainStoryboardFile = Main;
				INFOPLIST_KEY_UISupportedInterfaceOrientations_iPad = "UIInterfaceOrientationPortrait UIInterfaceOrientationPortraitUpsideDown UIInterfaceOrientationLandscapeLeft UIInterfaceOrientationLandscapeRight";
				INFOPLIST_KEY_UISupportedInterfaceOrientations_iPhone = "UIInterfaceOrientationPortrait UIInterfaceOrientationLandscapeLeft UIInterfaceOrientationLandscapeRight";
				LD_RUNPATH_SEARCH_PATHS = (
					"$(inherited)",
					"@executable_path/Frameworks",
				);
				MARKETING_VERSION = 1.0;
				PRODUCT_BUNDLE_IDENTIFIER = tc.TechnicalChallenge;
				PRODUCT_NAME = "$(TARGET_NAME)";
				SWIFT_EMIT_LOC_STRINGS = YES;
				SWIFT_VERSION = 5.0;
				TARGETED_DEVICE_FAMILY = "1,2";
			};
			name = Release;
		};
/* End XCBuildConfiguration section */

/* Begin XCConfigurationList section */
		B0694E902B619C740013DEE2 /* Build configuration list for PBXProject "TechnicalChallenge" */ = {
			isa = XCConfigurationList;
			buildConfigurations = (
				B0694EAA2B619C760013DEE2 /* Debug */,
				B0694EAB2B619C760013DEE2 /* Release */,
			);
			defaultConfigurationIsVisible = 0;
			defaultConfigurationName = Release;
		};
		B0694EAC2B619C760013DEE2 /* Build configuration list for PBXNativeTarget "TechnicalChallenge" */ = {
			isa = XCConfigurationList;
			buildConfigurations = (
				B0694EAD2B619C760013DEE2 /* Debug */,
				B0694EAE2B619C760013DEE2 /* Release */,
			);
			defaultConfigurationIsVisible = 0;
			defaultConfigurationName = Release;
		};
/* End XCConfigurationList section */

/* Begin XCRemoteSwiftPackageReference section */
		B0694EAF2B619D6B0013DEE2 /* XCRemoteSwiftPackageReference "Alamofire" */ = {
			isa = XCRemoteSwiftPackageReference;
			repositoryURL = "https://github.com/Alamofire/Alamofire.git";
			requirement = {
				kind = upToNextMajorVersion;
				minimumVersion = 5.8.1;
			};
		};
		B0694EB22B619D9D0013DEE2 /* XCRemoteSwiftPackageReference "IQKeyboardManager" */ = {
			isa = XCRemoteSwiftPackageReference;
			repositoryURL = "https://github.com/hackiftekhar/IQKeyboardManager.git";
			requirement = {
				kind = upToNextMajorVersion;
				minimumVersion = 7.0.0;
			};
		};
		B0694EB52B619DDA0013DEE2 /* XCRemoteSwiftPackageReference "Reachability" */ = {
			isa = XCRemoteSwiftPackageReference;
			repositoryURL = "https://github.com/ashleymills/Reachability.swift";
			requirement = {
				branch = master;
				kind = branch;
			};
		};
		B0694EB82B619DE80013DEE2 /* XCRemoteSwiftPackageReference "SDWebImage" */ = {
			isa = XCRemoteSwiftPackageReference;
			repositoryURL = "https://github.com/SDWebImage/SDWebImage.git";
			requirement = {
				kind = upToNextMajorVersion;
				minimumVersion = 5.18.10;
			};
		};
		B0694EE62B6317FB0013DEE2 /* XCRemoteSwiftPackageReference "SVProgressHUD" */ = {
			isa = XCRemoteSwiftPackageReference;
			repositoryURL = "https://github.com/SVProgressHUD/SVProgressHUD.git";
			requirement = {
				kind = upToNextMajorVersion;
				minimumVersion = 2.3.1;
			};
		};
		B0694EF22B6319F80013DEE2 /* XCRemoteSwiftPackageReference "Kingfisher" */ = {
			isa = XCRemoteSwiftPackageReference;
			repositoryURL = "https://github.com/onevcat/Kingfisher.git";
			requirement = {
				kind = upToNextMajorVersion;
				minimumVersion = 7.10.2;
			};
		};
/* End XCRemoteSwiftPackageReference section */

/* Begin XCSwiftPackageProductDependency section */
		B0694EB02B619D6B0013DEE2 /* Alamofire */ = {
			isa = XCSwiftPackageProductDependency;
			package = B0694EAF2B619D6B0013DEE2 /* XCRemoteSwiftPackageReference "Alamofire" */;
			productName = Alamofire;
		};
		B0694EB32B619D9D0013DEE2 /* IQKeyboardManagerSwift */ = {
			isa = XCSwiftPackageProductDependency;
			package = B0694EB22B619D9D0013DEE2 /* XCRemoteSwiftPackageReference "IQKeyboardManager" */;
			productName = IQKeyboardManagerSwift;
		};
		B0694EB62B619DDA0013DEE2 /* Reachability */ = {
			isa = XCSwiftPackageProductDependency;
			package = B0694EB52B619DDA0013DEE2 /* XCRemoteSwiftPackageReference "Reachability" */;
			productName = Reachability;
		};
		B0694EB92B619DE80013DEE2 /* SDWebImage */ = {
			isa = XCSwiftPackageProductDependency;
			package = B0694EB82B619DE80013DEE2 /* XCRemoteSwiftPackageReference "SDWebImage" */;
			productName = SDWebImage;
		};
		B0694EBB2B619DE80013DEE2 /* SDWebImageMapKit */ = {
			isa = XCSwiftPackageProductDependency;
			package = B0694EB82B619DE80013DEE2 /* XCRemoteSwiftPackageReference "SDWebImage" */;
			productName = SDWebImageMapKit;
		};
		B0694EE72B6317FB0013DEE2 /* SVProgressHUD */ = {
			isa = XCSwiftPackageProductDependency;
			package = B0694EE62B6317FB0013DEE2 /* XCRemoteSwiftPackageReference "SVProgressHUD" */;
			productName = SVProgressHUD;
		};
		B0694EF32B6319F80013DEE2 /* Kingfisher */ = {
			isa = XCSwiftPackageProductDependency;
			package = B0694EF22B6319F80013DEE2 /* XCRemoteSwiftPackageReference "Kingfisher" */;
			productName = Kingfisher;
		};
/* End XCSwiftPackageProductDependency section */

/* Begin XCVersionGroup section */
		B0694EA12B619C740013DEE2 /* TechnicalChallenge.xcdatamodeld */ = {
			isa = XCVersionGroup;
			children = (
				B0694EA22B619C740013DEE2 /* TechnicalChallenge.xcdatamodel */,
			);
			currentVersion = B0694EA22B619C740013DEE2 /* TechnicalChallenge.xcdatamodel */;
			path = TechnicalChallenge.xcdatamodeld;
			sourceTree = "<group>";
			versionGroupType = wrapper.xcdatamodel;
		};
/* End XCVersionGroup section */
	};
	rootObject = B0694E8D2B619C740013DEE2 /* Project object */;
}
