// !$*UTF8*$!
{
	archiveVersion = 1;
	classes = {
	};
	objectVersion = 56;
	objects = {

/* Begin PBXBuildFile section */
		B0694E992B619C740013DEE2 /* AppDelegate.swift in Sources */ = {isa = PBXBuildFile; fileRef = B0694E982B619C740013DEE2 /* AppDelegate.swift */; };
		B0694E9B2B619C740013DEE2 /* SceneDelegate.swift in Sources */ = {isa = PBXBuildFile; fileRef = B0694E9A2B619C740013DEE2 /* SceneDelegate.swift */; };
		B0694E9D2B619C740013DEE2 /* ViewController.swift in Sources */ = {isa = PBXBuildFile; fileRef = B0694E9C2B619C740013DEE2 /* ViewController.swift */; };
		B0694EA02B619C740013DEE2 /* Main.storyboard in Resources */ = {isa = PBXBuildFile; fileRef = B0694E9E2B619C740013DEE2 /* Main.storyboard */; };
		B0694EA32B619C740013DEE2 /* TechnicalChallenge.xcdatamodeld in Sources */ = {isa = PBXBuildFile; fileRef = B0694EA12B619C740013DEE2 /* TechnicalChallenge.xcdatamodeld */; };
		B0694EA52B619C760013DEE2 /* Assets.xcassets in Resources */ = {isa = PBXBuildFile; fileRef = B0694EA42B619C760013DEE2 /* Assets.xcassets */; };
		B0694EA82B619C760013DEE2 /* LaunchScreen.storyboard in Resources */ = {isa = PBXBuildFile; fileRef = B0694EA62B619C760013DEE2 /* LaunchScreen.storyboard */; };
		B0694EB12B619D6B0013DEE2 /* Alamofire in Frameworks */ = {isa = PBXBuildFile; productRef = B0694EB02B619D6B0013DEE2 /* Alamofire */; };
		B0694EB42B619D9D0013DEE2 /* IQKeyboardManagerSwift in Frameworks */ = {isa = PBXBuildFile; productRef = B0694EB32B619D9D0013DEE2 /* IQKeyboardManagerSwift */; };
		B0694EB72B619DDA0013DEE2 /* Reachability in Frameworks */ = {isa = PBXBuildFile; productRef = B0694EB62B619DDA0013DEE2 /* Reachability */; };
		B0694EBA2B619DE80013DEE2 /* SDWebImage in Frameworks */ = {isa = PBXBuildFile; productRef = B0694EB92B619DE80013DEE2 /* SDWebImage */; };
		B0694EBC2B619DE80013DEE2 /* SDWebImageMapKit in Frameworks */ = {isa = PBXBuildFile; productRef = B0694EBB2B619DE80013DEE2 /* SDWebImageMapKit */; };
/* End PBXBuildFile section */

/* Begin PBXFileReference section */
		B0694E952B619C740013DEE2 /* TechnicalChallenge.app */ = {isa = PBXFileReference; explicitFileType = wrapper.application; includeInIndex = 0; path = TechnicalChallenge.app; sourceTree = BUILT_PRODUCTS_DIR; };
		B0694E982B619C740013DEE2 /* AppDelegate.swift */ = {isa = PBXFileReference; lastKnownFileType = sourcecode.swift; path = AppDelegate.swift; sourceTree = "<group>"; };
		B0694E9A2B619C740013DEE2 /* SceneDelegate.swift */ = {isa = PBXFileReference; lastKnownFileType = sourcecode.swift; path = SceneDelegate.swift; sourceTree = "<group>"; };
		B0694E9C2B619C740013DEE2 /* ViewController.swift */ = {isa = PBXFileReference; lastKnownFileType = sourcecode.swift; path = ViewController.swift; sourceTree = "<group>"; };
		B0694E9F2B619C740013DEE2 /* Base */ = {isa = PBXFileReference; lastKnownFileType = file.storyboard; name = Base; path = Base.lproj/Main.storyboard; sourceTree = "<group>"; };
		B0694EA22B619C740013DEE2 /* TechnicalChallenge.xcdatamodel */ = {isa = PBXFileReference; lastKnownFileType = wrapper.xcdatamodel; path = TechnicalChallenge.xcdatamodel; sourceTree = "<group>"; };
		B0694EA42B619C760013DEE2 /* Assets.xcassets */ = {isa = PBXFileReference; lastKnownFileType = folder.assetcatalog; path = Assets.xcassets; sourceTree = "<group>"; };
		B0694EA72B619C760013DEE2 /* Base */ = {isa = PBXFileReference; lastKnownFileType = file.storyboard; name = Base; path = Base.lproj/LaunchScreen.storyboard; sourceTree = "<group>"; };
		B0694EA92B619C760013DEE2 /* Info.plist */ = {isa = PBXFileReference; lastKnownFileType = text.plist.xml; path = Info.plist; sourceTree = "<group>"; };
/* End PBXFileReference section */

/* Begin PBXFrameworksBuildPhase section */
		B0694E922B619C740013DEE2 /* Frameworks */ = {
			isa = PBXFrameworksBuildPhase;
			buildActionMask = 2147483647;
			files = (
				B0694EB12B619D6B0013DEE2 /* Alamofire in Frameworks */,
				B0694EBC2B619DE80013DEE2 /* SDWebImageMapKit in Frameworks */,
				B0694EB72B619DDA0013DEE2 /* Reachability in Frameworks */,
				B0694EBA2B619DE80013DEE2 /* SDWebImage in Frameworks */,
				B0694EB42B619D9D0013DEE2 /* IQKeyboardManagerSwift in Frameworks */,
			);
			runOnlyForDeploymentPostprocessing = 0;
		};
/* End PBXFrameworksBuildPhase section */

/* Begin PBXGroup section */
		B0694E8C2B619C740013DEE2 = {
			isa = PBXGroup;
			children = (
				B0694E972B619C740013DEE2 /* TechnicalChallenge */,
				B0694E962B619C740013DEE2 /* Products */,
			);
			sourceTree = "<group>";
		};
		B0694E962B619C740013DEE2 /* Products */ = {
			isa = PBXGroup;
			children = (
				B0694E952B619C740013DEE2 /* TechnicalChallenge.app */,
			);
			name = Products;
			sourceTree = "<group>";
		};
		B0694E972B619C740013DEE2 /* TechnicalChallenge */ = {
			isa = PBXGroup;
			children = (
				B0694E982B619C740013DEE2 /* AppDelegate.swift */,
				B0694E9A2B619C740013DEE2 /* SceneDelegate.swift */,
				B0694E9C2B619C740013DEE2 /* ViewController.swift */,
				B0694E9E2B619C740013DEE2 /* Main.storyboard */,
				B0694EA42B619C760013DEE2 /* Assets.xcassets */,
				B0694EA62B619C760013DEE2 /* LaunchScreen.storyboard */,
				B0694EA92B619C760013DEE2 /* Info.plist */,
				B0694EA12B619C740013DEE2 /* TechnicalChallenge.xcdatamodeld */,
			);
			path = TechnicalChallenge;
			sourceTree = "<group>";
		};
/* End PBXGroup section */

/* Begin PBXNativeTarget section */
		B0694E942B619C740013DEE2 /* TechnicalChallenge */ = {
			isa = PBXNativeTarget;
			buildConfigurationList = B0694EAC2B619C760013DEE2 /* Build configuration list for PBXNativeTarget "TechnicalChallenge" */;
			buildPhases = (
				B0694E912B619C740013DEE2 /* Sources */,
				B0694E922B619C740013DEE2 /* Frameworks */,
				B0694E932B619C740013DEE2 /* Resources */,
			);
			buildRules = (
			);
			dependencies = (
			);
			name = TechnicalChallenge;
			packageProductDependencies = (
				B0694EB02B619D6B0013DEE2 /* Alamofire */,
				B0694EB32B619D9D0013DEE2 /* IQKeyboardManagerSwift */,
				B0694EB62B619DDA0013DEE2 /* Reachability */,
				B0694EB92B619DE80013DEE2 /* SDWebImage */,
				B0694EBB2B619DE80013DEE2 /* SDWebImageMapKit */,
			);
			productName = TechnicalChallenge;
			productReference = B0694E952B619C740013DEE2 /* TechnicalChallenge.app */;
			productType = "com.apple.product-type.application";
		};
/* End PBXNativeTarget section */

/* Begin PBXProject section */
		B0694E8D2B619C740013DEE2 /* Project object */ = {
			isa = PBXProject;
			attributes = {
				BuildIndependentTargetsInParallel = 1;
				LastSwiftUpdateCheck = 1520;
				LastUpgradeCheck = 1520;
				TargetAttributes = {
					B0694E942B619C740013DEE2 = {
						CreatedOnToolsVersion = 15.2;
					};
				};
			};
			buildConfigurationList = B0694E902B619C740013DEE2 /* Build configuration list for PBXProject "TechnicalChallenge" */;
			compatibilityVersion = "Xcode 14.0";
			developmentRegion = en;
			hasScannedForEncodings = 0;
			knownRegions = (
				en,
				Base,
			);
			mainGroup = B0694E8C2B619C740013DEE2;
			packageReferences = (
				B0694EAF2B619D6B0013DEE2 /* XCRemoteSwiftPackageReference "Alamofire" */,
				B0694EB22B619D9D0013DEE2 /* XCRemoteSwiftPackageReference "IQKeyboardManager" */,
				B0694EB52B619DDA0013DEE2 /* XCRemoteSwiftPackageReference "Reachability" */,
				B0694EB82B619DE80013DEE2 /* XCRemoteSwiftPackageReference "SDWebImage" */,
			);
			productRefGroup = B0694E962B619C740013DEE2 /* Products */;
			projectDirPath = "";
			projectRoot = "";
			targets = (
				B0694E942B619C740013DEE2 /* TechnicalChallenge */,
			);
		};
/* End PBXProject section */

/* Begin PBXResourcesBuildPhase section */
		B0694E932B619C740013DEE2 /* Resources */ = {
			isa = PBXResourcesBuildPhase;
			buildActionMask = 2147483647;
			files = (
				B0694EA82B619C760013DEE2 /* LaunchScreen.storyboard in Resources */,
				B0694EA52B619C760013DEE2 /* Assets.xcassets in Resources */,
				B0694EA02B619C740013DEE2 /* Main.storyboard in Resources */,
			);
			runOnlyForDeploymentPostprocessing = 0;
		};
/* End PBXResourcesBuildPhase section */

/* Begin PBXSourcesBuildPhase section */
		B0694E912B619C740013DEE2 /* Sources */ = {
			isa = PBXSourcesBuildPhase;
			buildActionMask = 2147483647;
			files = (
				B0694E9D2B619C740013DEE2 /* ViewController.swift in Sources */,
				B0694EA32B619C740013DEE2 /* TechnicalChallenge.xcdatamodeld in Sources */,
				B0694E992B619C740013DEE2 /* AppDelegate.swift in Sources */,
				B0694E9B2B619C740013DEE2 /* SceneDelegate.swift in Sources */,
			);
			runOnlyForDeploymentPostprocessing = 0;
		};
/* End PBXSourcesBuildPhase section */

/* Begin PBXVariantGroup section */
		B0694E9E2B619C740013DEE2 /* Main.storyboard */ = {
			isa = PBXVariantGroup;
			children = (
				B0694E9F2B619C740013DEE2 /* Base */,
			);
			name = Main.storyboard;
			sourceTree = "<group>";
		};
		B0694EA62B619C760013DEE2 /* LaunchScreen.storyboard */ = {
			isa = PBXVariantGroup;
			children = (
				B0694EA72B619C760013DEE2 /* Base */,
			);
			name = LaunchScreen.storyboard;
			sourceTree = "<group>";
		};
/* End PBXVariantGroup section */

/* Begin XCBuildConfiguration section */
		B0694EAA2B619C760013DEE2 /* Debug */ = {
			isa = XCBuildConfiguration;
			buildSettings = {
				ALWAYS_SEARCH_USER_PATHS = NO;
				ASSETCATALOG_COMPILER_GENERATE_SWIFT_ASSET_SYMBOL_EXTENSIONS = YES;
				CLANG_ANALYZER_NONNULL = YES;
				CLANG_ANALYZER_NUMBER_OBJECT_CONVERSION = YES_AGGRESSIVE;
				CLANG_CXX_LANGUAGE_STANDARD = "gnu++20";
				CLANG_ENABLE_MODULES = YES;
				CLANG_ENABLE_OBJC_ARC = YES;
				CLANG_ENABLE_OBJC_WEAK = YES;
				CLANG_WARN_BLOCK_CAPTURE_AUTORELEASING = YES;
				CLANG_WARN_BOOL_CONVERSION = YES;
				CLANG_WARN_COMMA = YES;
				CLANG_WARN_CONSTANT_CONVERSION = YES;
				CLANG_WARN_DEPRECATED_OBJC_IMPLEMENTATIONS = YES;
				CLANG_WARN_DIRECT_OBJC_ISA_USAGE = YES_ERROR;
				CLANG_WARN_DOCUMENTATION_COMMENTS = YES;
				CLANG_WARN_EMPTY_BODY = YES;
				CLANG_WARN_ENUM_CONVERSION = YES;
				CLANG_WARN_INFINITE_RECURSION = YES;
				CLANG_WARN_INT_CONVERSION = YES;
				CLANG_WARN_NON_LITERAL_NULL_CONVERSION = YES;
				CLANG_WARN_OBJC_IMPLICIT_RETAIN_SELF = YES;
				CLANG_WARN_OBJC_LITERAL_CONVERSION = YES;
				CLANG_WARN_OBJC_ROOT_CLASS = YES_ERROR;
				CLANG_WARN_QUOTED_INCLUDE_IN_FRAMEWORK_HEADER = YES;
				CLANG_WARN_RANGE_LOOP_ANALYSIS = YES;
				CLANG_WARN_STRICT_PROTOTYPES = YES;
				CLANG_WARN_SUSPICIOUS_MOVE = YES;
				CLANG_WARN_UNGUARDED_AVAILABILITY = YES_AGGRESSIVE;
				CLANG_WARN_UNREACHABLE_CODE = YES;
				CLANG_WARN__DUPLICATE_METHOD_MATCH = YES;
				COPY_PHASE_STRIP = NO;
				DEBUG_INFORMATION_FORMAT = dwarf;
				ENABLE_STRICT_OBJC_MSGSEND = YES;
				ENABLE_TESTABILITY = YES;
				ENABLE_USER_SCRIPT_SANDBOXING = YES;
				GCC_C_LANGUAGE_STANDARD = gnu17;
				GCC_DYNAMIC_NO_PIC = NO;
				GCC_NO_COMMON_BLOCKS = YES;
				GCC_OPTIMIZATION_LEVEL = 0;
				GCC_PREPROCESSOR_DEFINITIONS = (
					"DEBUG=1",
					"$(inherited)",
				);
				GCC_WARN_64_TO_32_BIT_CONVERSION = YES;
				GCC_WARN_ABOUT_RETURN_TYPE = YES_ERROR;
				GCC_WARN_UNDECLARED_SELECTOR = YES;
				GCC_WARN_UNINITIALIZED_AUTOS = YES_AGGRESSIVE;
				GCC_WARN_UNUSED_FUNCTION = YES;
				GCC_WARN_UNUSED_VARIABLE = YES;
				IPHONEOS_DEPLOYMENT_TARGET = 17.2;
				LOCALIZATION_PREFERS_STRING_CATALOGS = YES;
				MTL_ENABLE_DEBUG_INFO = INCLUDE_SOURCE;
				MTL_FAST_MATH = YES;
				ONLY_ACTIVE_ARCH = YES;
				SDKROOT = iphoneos;
				SWIFT_ACTIVE_COMPILATION_CONDITIONS = "DEBUG $(inherited)";
				SWIFT_OPTIMIZATION_LEVEL = "-Onone";
			};
			name = Debug;
		};
		B0694EAB2B619C760013DEE2 /* Release */ = {
			isa = XCBuildConfiguration;
			buildSettings = {
				ALWAYS_SEARCH_USER_PATHS = NO;
				ASSETCATALOG_COMPILER_GENERATE_SWIFT_ASSET_SYMBOL_EXTENSIONS = YES;
				CLANG_ANALYZER_NONNULL = YES;
				CLANG_ANALYZER_NUMBER_OBJECT_CONVERSION = YES_AGGRESSIVE;
				CLANG_CXX_LANGUAGE_STANDARD = "gnu++20";
				CLANG_ENABLE_MODULES = YES;
				CLANG_ENABLE_OBJC_ARC = YES;
				CLANG_ENABLE_OBJC_WEAK = YES;
				CLANG_WARN_BLOCK_CAPTURE_AUTORELEASING = YES;
				CLANG_WARN_BOOL_CONVERSION = YES;
				CLANG_WARN_COMMA = YES;
				CLANG_WARN_CONSTANT_CONVERSION = YES;
				CLANG_WARN_DEPRECATED_OBJC_IMPLEMENTATIONS = YES;
				CLANG_WARN_DIRECT_OBJC_ISA_USAGE = YES_ERROR;
				CLANG_WARN_DOCUMENTATION_COMMENTS = YES;
				CLANG_WARN_EMPTY_BODY = YES;
				CLANG_WARN_ENUM_CONVERSION = YES;
				CLANG_WARN_INFINITE_RECURSION = YES;
				CLANG_WARN_INT_CONVERSION = YES;
				CLANG_WARN_NON_LITERAL_NULL_CONVERSION = YES;
				CLANG_WARN_OBJC_IMPLICIT_RETAIN_SELF = YES;
				CLANG_WARN_OBJC_LITERAL_CONVERSION = YES;
				CLANG_WARN_OBJC_ROOT_CLASS = YES_ERROR;
				CLANG_WARN_QUOTED_INCLUDE_IN_FRAMEWORK_HEADER = YES;
				CLANG_WARN_RANGE_LOOP_ANALYSIS = YES;
				CLANG_WARN_STRICT_PROTOTYPES = YES;
				CLANG_WARN_SUSPICIOUS_MOVE = YES;
				CLANG_WARN_UNGUARDED_AVAILABILITY = YES_AGGRESSIVE;
				CLANG_WARN_UNREACHABLE_CODE = YES;
				CLANG_WARN__DUPLICATE_METHOD_MATCH = YES;
				COPY_PHASE_STRIP = NO;
				DEBUG_INFORMATION_FORMAT = "dwarf-with-dsym";
				ENABLE_NS_ASSERTIONS = NO;
				ENABLE_STRICT_OBJC_MSGSEND = YES;
				ENABLE_USER_SCRIPT_SANDBOXING = YES;
				GCC_C_LANGUAGE_STANDARD = gnu17;
				GCC_NO_COMMON_BLOCKS = YES;
				GCC_WARN_64_TO_32_BIT_CONVERSION = YES;
				GCC_WARN_ABOUT_RETURN_TYPE = YES_ERROR;
				GCC_WARN_UNDECLARED_SELECTOR = YES;
				GCC_WARN_UNINITIALIZED_AUTOS = YES_AGGRESSIVE;
				GCC_WARN_UNUSED_FUNCTION = YES;
				GCC_WARN_UNUSED_VARIABLE = YES;
				IPHONEOS_DEPLOYMENT_TARGET = 17.2;
				LOCALIZATION_PREFERS_STRING_CATALOGS = YES;
				MTL_ENABLE_DEBUG_INFO = NO;
				MTL_FAST_MATH = YES;
				SDKROOT = iphoneos;
				SWIFT_COMPILATION_MODE = wholemodule;
				VALIDATE_PRODUCT = YES;
			};
			name = Release;
		};
		B0694EAD2B619C760013DEE2 /* Debug */ = {
			isa = XCBuildConfiguration;
			buildSettings = {
				ASSETCATALOG_COMPILER_APPICON_NAME = AppIcon;
				ASSETCATALOG_COMPILER_GLOBAL_ACCENT_COLOR_NAME = AccentColor;
				CODE_SIGN_STYLE = Automatic;
				CURRENT_PROJECT_VERSION = 1;
				DEVELOPMENT_TEAM = "";
				GENERATE_INFOPLIST_FILE = YES;
				INFOPLIST_FILE = TechnicalChallenge/Info.plist;
				INFOPLIST_KEY_UIApplicationSupportsIndirectInputEvents = YES;
				INFOPLIST_KEY_UILaunchStoryboardName = LaunchScreen;
				INFOPLIST_KEY_UIMainStoryboardFile = Main;
				INFOPLIST_KEY_UISupportedInterfaceOrientations_iPad = "UIInterfaceOrientationPortrait UIInterfaceOrientationPortraitUpsideDown UIInterfaceOrientationLandscapeLeft UIInterfaceOrientationLandscapeRight";
				INFOPLIST_KEY_UISupportedInterfaceOrientations_iPhone = "UIInterfaceOrientationPortrait UIInterfaceOrientationLandscapeLeft UIInterfaceOrientationLandscapeRight";
				LD_RUNPATH_SEARCH_PATHS = (
					"$(inherited)",
					"@executable_path/Frameworks",
				);
				MARKETING_VERSION = 1.0;
				PRODUCT_BUNDLE_IDENTIFIER = tc.TechnicalChallenge;
				PRODUCT_NAME = "$(TARGET_NAME)";
				SWIFT_EMIT_LOC_STRINGS = YES;
				SWIFT_VERSION = 5.0;
				TARGETED_DEVICE_FAMILY = "1,2";
			};
			name = Debug;
		};
		B0694EAE2B619C760013DEE2 /* Release */ = {
			isa = XCBuildConfiguration;
			buildSettings = {
				ASSETCATALOG_COMPILER_APPICON_NAME = AppIcon;
				ASSETCATALOG_COMPILER_GLOBAL_ACCENT_COLOR_NAME = AccentColor;
				CODE_SIGN_STYLE = Automatic;
				CURRENT_PROJECT_VERSION = 1;
				DEVELOPMENT_TEAM = "";
				GENERATE_INFOPLIST_FILE = YES;
				INFOPLIST_FILE = TechnicalChallenge/Info.plist;
				INFOPLIST_KEY_UIApplicationSupportsIndirectInputEvents = YES;
				INFOPLIST_KEY_UILaunchStoryboardName = LaunchScreen;
				INFOPLIST_KEY_UIMainStoryboardFile = Main;
				INFOPLIST_KEY_UISupportedInterfaceOrientations_iPad = "UIInterfaceOrientationPortrait UIInterfaceOrientationPortraitUpsideDown UIInterfaceOrientationLandscapeLeft UIInterfaceOrientationLandscapeRight";
				INFOPLIST_KEY_UISupportedInterfaceOrientations_iPhone = "UIInterfaceOrientationPortrait UIInterfaceOrientationLandscapeLeft UIInterfaceOrientationLandscapeRight";
				LD_RUNPATH_SEARCH_PATHS = (
					"$(inherited)",
					"@executable_path/Frameworks",
				);
				MARKETING_VERSION = 1.0;
				PRODUCT_BUNDLE_IDENTIFIER = tc.TechnicalChallenge;
				PRODUCT_NAME = "$(TARGET_NAME)";
				SWIFT_EMIT_LOC_STRINGS = YES;
				SWIFT_VERSION = 5.0;
				TARGETED_DEVICE_FAMILY = "1,2";
			};
			name = Release;
		};
/* End XCBuildConfiguration section */

/* Begin XCConfigurationList section */
		B0694E902B619C740013DEE2 /* Build configuration list for PBXProject "TechnicalChallenge" */ = {
			isa = XCConfigurationList;
			buildConfigurations = (
				B0694EAA2B619C760013DEE2 /* Debug */,
				B0694EAB2B619C760013DEE2 /* Release */,
			);
			defaultConfigurationIsVisible = 0;
			defaultConfigurationName = Release;
		};
		B0694EAC2B619C760013DEE2 /* Build configuration list for PBXNativeTarget "TechnicalChallenge" */ = {
			isa = XCConfigurationList;
			buildConfigurations = (
				B0694EAD2B619C760013DEE2 /* Debug */,
				B0694EAE2B619C760013DEE2 /* Release */,
			);
			defaultConfigurationIsVisible = 0;
			defaultConfigurationName = Release;
		};
/* End XCConfigurationList section */

/* Begin XCRemoteSwiftPackageReference section */
		B0694EAF2B619D6B0013DEE2 /* XCRemoteSwiftPackageReference "Alamofire" */ = {
			isa = XCRemoteSwiftPackageReference;
			repositoryURL = "https://github.com/Alamofire/Alamofire.git";
			requirement = {
				kind = upToNextMajorVersion;
				minimumVersion = 5.8.1;
			};
		};
		B0694EB22B619D9D0013DEE2 /* XCRemoteSwiftPackageReference "IQKeyboardManager" */ = {
			isa = XCRemoteSwiftPackageReference;
			repositoryURL = "https://github.com/hackiftekhar/IQKeyboardManager.git";
			requirement = {
				kind = upToNextMajorVersion;
				minimumVersion = 7.0.0;
			};
		};
		B0694EB52B619DDA0013DEE2 /* XCRemoteSwiftPackageReference "Reachability" */ = {
			isa = XCRemoteSwiftPackageReference;
			repositoryURL = "https://github.com/ashleymills/Reachability.swift";
			requirement = {
				branch = master;
				kind = branch;
			};
		};
		B0694EB82B619DE80013DEE2 /* XCRemoteSwiftPackageReference "SDWebImage" */ = {
			isa = XCRemoteSwiftPackageReference;
			repositoryURL = "https://github.com/SDWebImage/SDWebImage.git";
			requirement = {
				kind = upToNextMajorVersion;
				minimumVersion = 5.18.10;
			};
		};
/* End XCRemoteSwiftPackageReference section */

/* Begin XCSwiftPackageProductDependency section */
		B0694EB02B619D6B0013DEE2 /* Alamofire */ = {
			isa = XCSwiftPackageProductDependency;
			package = B0694EAF2B619D6B0013DEE2 /* XCRemoteSwiftPackageReference "Alamofire" */;
			productName = Alamofire;
		};
		B0694EB32B619D9D0013DEE2 /* IQKeyboardManagerSwift */ = {
			isa = XCSwiftPackageProductDependency;
			package = B0694EB22B619D9D0013DEE2 /* XCRemoteSwiftPackageReference "IQKeyboardManager" */;
			productName = IQKeyboardManagerSwift;
		};
		B0694EB62B619DDA0013DEE2 /* Reachability */ = {
			isa = XCSwiftPackageProductDependency;
			package = B0694EB52B619DDA0013DEE2 /* XCRemoteSwiftPackageReference "Reachability" */;
			productName = Reachability;
		};
		B0694EB92B619DE80013DEE2 /* SDWebImage */ = {
			isa = XCSwiftPackageProductDependency;
			package = B0694EB82B619DE80013DEE2 /* XCRemoteSwiftPackageReference "SDWebImage" */;
			productName = SDWebImage;
		};
		B0694EBB2B619DE80013DEE2 /* SDWebImageMapKit */ = {
			isa = XCSwiftPackageProductDependency;
			package = B0694EB82B619DE80013DEE2 /* XCRemoteSwiftPackageReference "SDWebImage" */;
			productName = SDWebImageMapKit;
		};
/* End XCSwiftPackageProductDependency section */

/* Begin XCVersionGroup section */
		B0694EA12B619C740013DEE2 /* TechnicalChallenge.xcdatamodeld */ = {
			isa = XCVersionGroup;
			children = (
				B0694EA22B619C740013DEE2 /* TechnicalChallenge.xcdatamodel */,
			);
			currentVersion = B0694EA22B619C740013DEE2 /* TechnicalChallenge.xcdatamodel */;
			path = TechnicalChallenge.xcdatamodeld;
			sourceTree = "<group>";
			versionGroupType = wrapper.xcdatamodel;
		};
/* End XCVersionGroup section */
	};
	rootObject = B0694E8D2B619C740013DEE2 /* Project object */;
}
